// !$*UTF8*$!
{
	archiveVersion = 1;
	classes = {
	};
	objectVersion = 56;
	objects = {

/* Begin PBXBuildFile section */
		D23E77A92BD1290F00A386A0 /* AppDelegate.swift in Sources */ = {isa = PBXBuildFile; fileRef = D23E77A82BD1290F00A386A0 /* AppDelegate.swift */; };
		D23E77AB2BD1290F00A386A0 /* SceneDelegate.swift in Sources */ = {isa = PBXBuildFile; fileRef = D23E77AA2BD1290F00A386A0 /* SceneDelegate.swift */; };
		D23E77AD2BD1290F00A386A0 /* ViewController.swift in Sources */ = {isa = PBXBuildFile; fileRef = D23E77AC2BD1290F00A386A0 /* ViewController.swift */; };
		D23E77B02BD1290F00A386A0 /* Base in Resources */ = {isa = PBXBuildFile; fileRef = D23E77AF2BD1290F00A386A0 /* Base */; };
		D23E77B22BD1291200A386A0 /* Assets.xcassets in Resources */ = {isa = PBXBuildFile; fileRef = D23E77B12BD1291200A386A0 /* Assets.xcassets */; };
		D23E77B52BD1291200A386A0 /* Base in Resources */ = {isa = PBXBuildFile; fileRef = D23E77B42BD1291200A386A0 /* Base */; };
		D23E77BD2BD1294900A386A0 /* .gitignore in Resources */ = {isa = PBXBuildFile; fileRef = D23E77BC2BD1294900A386A0 /* .gitignore */; };
		D23E77E82BD3CD1A00A386A0 /* RxCocoa in Frameworks */ = {isa = PBXBuildFile; productRef = D23E77E72BD3CD1A00A386A0 /* RxCocoa */; };
		D23E77EA2BD3CD1A00A386A0 /* RxSwift in Frameworks */ = {isa = PBXBuildFile; productRef = D23E77E92BD3CD1A00A386A0 /* RxSwift */; };
		D23E77ED2BD3CD2600A386A0 /* SnapKit in Frameworks */ = {isa = PBXBuildFile; productRef = D23E77EC2BD3CD2600A386A0 /* SnapKit */; };
		D23E77F02BD3CDB600A386A0 /* Then in Frameworks */ = {isa = PBXBuildFile; productRef = D23E77EF2BD3CDB600A386A0 /* Then */; };
		D23E77F32BD3CDD300A386A0 /* Alamofire in Frameworks */ = {isa = PBXBuildFile; productRef = D23E77F22BD3CDD300A386A0 /* Alamofire */; };
		D23E77F62BD3CDE100A386A0 /* Kingfisher in Frameworks */ = {isa = PBXBuildFile; productRef = D23E77F52BD3CDE100A386A0 /* Kingfisher */; };
		D23E77F82BD3CE3E00A386A0 /* TargetType.swift in Sources */ = {isa = PBXBuildFile; fileRef = D23E77F72BD3CE3E00A386A0 /* TargetType.swift */; };
		D23E77FA2BD3CE6700A386A0 /* HTTPHeader.swift in Sources */ = {isa = PBXBuildFile; fileRef = D23E77F92BD3CE6700A386A0 /* HTTPHeader.swift */; };
		D23E77FC2BD3CE8600A386A0 /* APIKey.swift in Sources */ = {isa = PBXBuildFile; fileRef = D23E77FB2BD3CE8600A386A0 /* APIKey.swift */; };
		D23E77FE2BD3CECD00A386A0 /* MultipartEncoder.swift in Sources */ = {isa = PBXBuildFile; fileRef = D23E77FD2BD3CECD00A386A0 /* MultipartEncoder.swift */; };
		D23E78002BD3CF3900A386A0 /* TokenRefreshInterceptor.swift in Sources */ = {isa = PBXBuildFile; fileRef = D23E77FF2BD3CF3900A386A0 /* TokenRefreshInterceptor.swift */; };
		D23E78022BD3CF7D00A386A0 /* NetworkManager.swift in Sources */ = {isa = PBXBuildFile; fileRef = D23E78012BD3CF7D00A386A0 /* NetworkManager.swift */; };
		D23E78052BD3D04F00A386A0 /* AuthModel.swift in Sources */ = {isa = PBXBuildFile; fileRef = D23E78042BD3D04F00A386A0 /* AuthModel.swift */; };
		D23E78072BD3D05900A386A0 /* AuthRouter.swift in Sources */ = {isa = PBXBuildFile; fileRef = D23E78062BD3D05900A386A0 /* AuthRouter.swift */; };
		D23E780A2BD402A300A386A0 /* UserDefaultsManager.swift in Sources */ = {isa = PBXBuildFile; fileRef = D23E78092BD402A300A386A0 /* UserDefaultsManager.swift */; };
		D23E780C2BD40EA000A386A0 /* BaseView.swift in Sources */ = {isa = PBXBuildFile; fileRef = D23E780B2BD40EA000A386A0 /* BaseView.swift */; };
		D23E780E2BD40EC700A386A0 /* BaseViewController.swift in Sources */ = {isa = PBXBuildFile; fileRef = D23E780D2BD40EC700A386A0 /* BaseViewController.swift */; };
		D23E78112BD4C2E300A386A0 /* Toast in Frameworks */ = {isa = PBXBuildFile; productRef = D23E78102BD4C2E300A386A0 /* Toast */; };
		D23E78142BD4C2F900A386A0 /* TextFieldEffects in Frameworks */ = {isa = PBXBuildFile; productRef = D23E78132BD4C2F900A386A0 /* TextFieldEffects */; };
		D23E78172BD4C32200A386A0 /* IQKeyboardManagerSwift in Frameworks */ = {isa = PBXBuildFile; productRef = D23E78162BD4C32200A386A0 /* IQKeyboardManagerSwift */; };
		D23E78192BD4C3FA00A386A0 /* ReusableIdentifier.swift in Sources */ = {isa = PBXBuildFile; fileRef = D23E78182BD4C3FA00A386A0 /* ReusableIdentifier.swift */; };
		D23E781B2BD4C54700A386A0 /* ViewModelType.swift in Sources */ = {isa = PBXBuildFile; fileRef = D23E781A2BD4C54700A386A0 /* ViewModelType.swift */; };
		D23E781D2BD4E4E700A386A0 /* DRTextField.swift in Sources */ = {isa = PBXBuildFile; fileRef = D23E781C2BD4E4E700A386A0 /* DRTextField.swift */; };
		D23E781F2BD53E3F00A386A0 /* DRLabel.swift in Sources */ = {isa = PBXBuildFile; fileRef = D23E781E2BD53E3F00A386A0 /* DRLabel.swift */; };
		D23E78212BD5400400A386A0 /* DRButton.swift in Sources */ = {isa = PBXBuildFile; fileRef = D23E78202BD5400400A386A0 /* DRButton.swift */; };
		D23E78262BD5479500A386A0 /* EmailViewController.swift in Sources */ = {isa = PBXBuildFile; fileRef = D23E78252BD5479500A386A0 /* EmailViewController.swift */; };
		D23E78282BD547AD00A386A0 /* PasswordViewController.swift in Sources */ = {isa = PBXBuildFile; fileRef = D23E78272BD547AD00A386A0 /* PasswordViewController.swift */; };
		D23E782A2BD547BB00A386A0 /* NicknameViewController.swift in Sources */ = {isa = PBXBuildFile; fileRef = D23E78292BD547BB00A386A0 /* NicknameViewController.swift */; };
		D23E782D2BD5485E00A386A0 /* EmailView.swift in Sources */ = {isa = PBXBuildFile; fileRef = D23E782C2BD5485E00A386A0 /* EmailView.swift */; };
		D23E782F2BD54DB100A386A0 /* EmailViewModel.swift in Sources */ = {isa = PBXBuildFile; fileRef = D23E782E2BD54DB100A386A0 /* EmailViewModel.swift */; };
		D23E78322BD54E6C00A386A0 /* PasswordView.swift in Sources */ = {isa = PBXBuildFile; fileRef = D23E78312BD54E6C00A386A0 /* PasswordView.swift */; };
		D23E78342BD54E7A00A386A0 /* PasswordViewModel.swift in Sources */ = {isa = PBXBuildFile; fileRef = D23E78332BD54E7A00A386A0 /* PasswordViewModel.swift */; };
		D23E78372BD54E9700A386A0 /* NicknameView.swift in Sources */ = {isa = PBXBuildFile; fileRef = D23E78362BD54E9700A386A0 /* NicknameView.swift */; };
		D23E78392BD54EA200A386A0 /* NicknameViewModel.swift in Sources */ = {isa = PBXBuildFile; fileRef = D23E78382BD54EA200A386A0 /* NicknameViewModel.swift */; };
		D25DDFFD2BD6CC5F0045C259 /* SNSPostView.swift in Sources */ = {isa = PBXBuildFile; fileRef = D25DDFFC2BD6CC5F0045C259 /* SNSPostView.swift */; };
		D25DDFFF2BD6CC700045C259 /* SNSPostViewController.swift in Sources */ = {isa = PBXBuildFile; fileRef = D25DDFFE2BD6CC6F0045C259 /* SNSPostViewController.swift */; };
		D25DE0012BD6CC800045C259 /* SNSPostViewModel.swift in Sources */ = {isa = PBXBuildFile; fileRef = D25DE0002BD6CC800045C259 /* SNSPostViewModel.swift */; };
		D25DE0152BD7F4860045C259 /* UserView.swift in Sources */ = {isa = PBXBuildFile; fileRef = D25DE0142BD7F4860045C259 /* UserView.swift */; };
		D25DE0182BD92FA90045C259 /* Differentiator in Frameworks */ = {isa = PBXBuildFile; productRef = D25DE0172BD92FA90045C259 /* Differentiator */; };
		D25DE01A2BD92FA90045C259 /* RxDataSources in Frameworks */ = {isa = PBXBuildFile; productRef = D25DE0192BD92FA90045C259 /* RxDataSources */; };
		D25DE01D2BD931F10045C259 /* UserProfileViewController.swift in Sources */ = {isa = PBXBuildFile; fileRef = D25DE01C2BD931F10045C259 /* UserProfileViewController.swift */; };
		D25DE02B2BD93A890045C259 /* SectionModel.swift in Sources */ = {isa = PBXBuildFile; fileRef = D25DE02A2BD93A890045C259 /* SectionModel.swift */; };
		D25DE02D2BD93EFF0045C259 /* UserProfileViewModel.swift in Sources */ = {isa = PBXBuildFile; fileRef = D25DE02C2BD93EFF0045C259 /* UserProfileViewModel.swift */; };
		D25DE0312BD942440045C259 /* UserProfileHeaderView.swift in Sources */ = {isa = PBXBuildFile; fileRef = D25DE0302BD942440045C259 /* UserProfileHeaderView.swift */; };
		D25DE0332BD94CD40045C259 /* UserProfileTableViewCell.swift in Sources */ = {isa = PBXBuildFile; fileRef = D25DE0322BD94CD40045C259 /* UserProfileTableViewCell.swift */; };
		D25DE0362BD980680045C259 /* Tabman in Frameworks */ = {isa = PBXBuildFile; productRef = D25DE0352BD980680045C259 /* Tabman */; };
		D25DE0382BD982F70045C259 /* UserViewController.swift in Sources */ = {isa = PBXBuildFile; fileRef = D25DE0372BD982F70045C259 /* UserViewController.swift */; };
		D25DE03A2BD9832D0045C259 /* UserTabmanViewController.swift in Sources */ = {isa = PBXBuildFile; fileRef = D25DE0392BD9832D0045C259 /* UserTabmanViewController.swift */; };
		D261900D2BDD6E78009BD5C5 /* ValidationView.swift in Sources */ = {isa = PBXBuildFile; fileRef = D261900C2BDD6E78009BD5C5 /* ValidationView.swift */; };
		D26190102BDDFF31009BD5C5 /* BirthdayView.swift in Sources */ = {isa = PBXBuildFile; fileRef = D261900F2BDDFF31009BD5C5 /* BirthdayView.swift */; };
		D26190122BDDFF45009BD5C5 /* BirthdayViewController.swift in Sources */ = {isa = PBXBuildFile; fileRef = D26190112BDDFF45009BD5C5 /* BirthdayViewController.swift */; };
		D26190142BDDFF50009BD5C5 /* BirthdayViewModel.swift in Sources */ = {isa = PBXBuildFile; fileRef = D26190132BDDFF50009BD5C5 /* BirthdayViewModel.swift */; };
		D26190162BDE130B009BD5C5 /* DateFormatterManager.swift in Sources */ = {isa = PBXBuildFile; fileRef = D26190152BDE130B009BD5C5 /* DateFormatterManager.swift */; };
		D26190182BDE28D0009BD5C5 /* ModeBaseView.swift in Sources */ = {isa = PBXBuildFile; fileRef = D26190172BDE28D0009BD5C5 /* ModeBaseView.swift */; };
		D261901A2BDE28DD009BD5C5 /* ModeBaseViewController.swift in Sources */ = {isa = PBXBuildFile; fileRef = D26190192BDE28DD009BD5C5 /* ModeBaseViewController.swift */; };
		D261901D2BDE3685009BD5C5 /* PhoneNumberView.swift in Sources */ = {isa = PBXBuildFile; fileRef = D261901C2BDE3685009BD5C5 /* PhoneNumberView.swift */; };
		D261901F2BDE3692009BD5C5 /* PhoneNumberViewController.swift in Sources */ = {isa = PBXBuildFile; fileRef = D261901E2BDE3692009BD5C5 /* PhoneNumberViewController.swift */; };
		D26190212BDE369E009BD5C5 /* PhoneNumberViewModel.swift in Sources */ = {isa = PBXBuildFile; fileRef = D26190202BDE369E009BD5C5 /* PhoneNumberViewModel.swift */; };
		D26190232BDE3B38009BD5C5 /* String+Ext.swift in Sources */ = {isa = PBXBuildFile; fileRef = D26190222BDE3B38009BD5C5 /* String+Ext.swift */; };
		D2EA5B912BDB99320055884C /* UserGalleryViewController.swift in Sources */ = {isa = PBXBuildFile; fileRef = D2EA5B902BDB99320055884C /* UserGalleryViewController.swift */; };
		D2EA5B932BDBFBCF0055884C /* UserFeedViewController.swift in Sources */ = {isa = PBXBuildFile; fileRef = D2EA5B922BDBFBCF0055884C /* UserFeedViewController.swift */; };
		D2EA5B962BDBFC050055884C /* ImageCollectionViewCell.swift in Sources */ = {isa = PBXBuildFile; fileRef = D2EA5B952BDBFC050055884C /* ImageCollectionViewCell.swift */; };
		D2EA5B982BDC00020055884C /* FeedTableViewCell.swift in Sources */ = {isa = PBXBuildFile; fileRef = D2EA5B972BDC00020055884C /* FeedTableViewCell.swift */; };
		D2EA5B9A2BDC2BFA0055884C /* UIView+Ext.swift in Sources */ = {isa = PBXBuildFile; fileRef = D2EA5B992BDC2BFA0055884C /* UIView+Ext.swift */; };
		D2EA5B9C2BDC2D700055884C /* UserChallengeViewController.swift in Sources */ = {isa = PBXBuildFile; fileRef = D2EA5B9B2BDC2D700055884C /* UserChallengeViewController.swift */; };
		D2EA5B9E2BDC355C0055884C /* UserChallengeTableViewCell.swift in Sources */ = {isa = PBXBuildFile; fileRef = D2EA5B9D2BDC355C0055884C /* UserChallengeTableViewCell.swift */; };
		D2EA5BA02BDCE9C80055884C /* MainTabbarController.swift in Sources */ = {isa = PBXBuildFile; fileRef = D2EA5B9F2BDCE9C80055884C /* MainTabbarController.swift */; };
		D2EA5BA32BDCEE8F0055884C /* LaunchScreenView.swift in Sources */ = {isa = PBXBuildFile; fileRef = D2EA5BA22BDCEE8F0055884C /* LaunchScreenView.swift */; };
		D2EA5BA52BDCEEB80055884C /* LaunchScreenViewController.swift in Sources */ = {isa = PBXBuildFile; fileRef = D2EA5BA42BDCEEB80055884C /* LaunchScreenViewController.swift */; };
		D2EA5BA72BDCEEDA0055884C /* LaunchScreenViewModel.swift in Sources */ = {isa = PBXBuildFile; fileRef = D2EA5BA62BDCEEDA0055884C /* LaunchScreenViewModel.swift */; };
		D2EA5BA92BDCF1810055884C /* UIViewController+Ext.swift in Sources */ = {isa = PBXBuildFile; fileRef = D2EA5BA82BDCF1810055884C /* UIViewController+Ext.swift */; };
		D2EA5BAC2BDD14E10055884C /* WelcomeView.swift in Sources */ = {isa = PBXBuildFile; fileRef = D2EA5BAB2BDD14E10055884C /* WelcomeView.swift */; };
		D2EA5BAE2BDD14FF0055884C /* WelcomeViewController.swift in Sources */ = {isa = PBXBuildFile; fileRef = D2EA5BAD2BDD14FF0055884C /* WelcomeViewController.swift */; };
		D2EA5BB02BDD15260055884C /* WelcomeViewModel.swift in Sources */ = {isa = PBXBuildFile; fileRef = D2EA5BAF2BDD15260055884C /* WelcomeViewModel.swift */; };
		D2EA5BB22BDD16280055884C /* DRVariableButton.swift in Sources */ = {isa = PBXBuildFile; fileRef = D2EA5BB12BDD16280055884C /* DRVariableButton.swift */; };
		D2EA5BB52BDD30150055884C /* ValidationModel.swift in Sources */ = {isa = PBXBuildFile; fileRef = D2EA5BB42BDD30150055884C /* ValidationModel.swift */; };
		D2EA5BB72BDD302C0055884C /* ValidationRouter.swift in Sources */ = {isa = PBXBuildFile; fileRef = D2EA5BB62BDD302C0055884C /* ValidationRouter.swift */; };
		D2EDA3442BD580F8009CB0D7 /* MapView.swift in Sources */ = {isa = PBXBuildFile; fileRef = D2EDA3432BD580F8009CB0D7 /* MapView.swift */; };
		D2EDA3462BD58104009CB0D7 /* MapViewController.swift in Sources */ = {isa = PBXBuildFile; fileRef = D2EDA3452BD58104009CB0D7 /* MapViewController.swift */; };
		D2EDA3482BD5810F009CB0D7 /* MapViewModel.swift in Sources */ = {isa = PBXBuildFile; fileRef = D2EDA3472BD5810F009CB0D7 /* MapViewModel.swift */; };
		D2EDA34A2BD58D60009CB0D7 /* MapModel.swift in Sources */ = {isa = PBXBuildFile; fileRef = D2EDA3492BD58D60009CB0D7 /* MapModel.swift */; };
		D2EDA35C2BD690B2009CB0D7 /* CardStackView.swift in Sources */ = {isa = PBXBuildFile; fileRef = D2EDA35B2BD690B2009CB0D7 /* CardStackView.swift */; };
		D2EDA35F2BD69212009CB0D7 /* CardStackViewWrapper.swift in Sources */ = {isa = PBXBuildFile; fileRef = D2EDA35E2BD69212009CB0D7 /* CardStackViewWrapper.swift */; };
		D2EDA3622BD6A357009CB0D7 /* UserModel.swift in Sources */ = {isa = PBXBuildFile; fileRef = D2EDA3612BD6A357009CB0D7 /* UserModel.swift */; };
		D2EDA3642BD6A365009CB0D7 /* UserRouter.swift in Sources */ = {isa = PBXBuildFile; fileRef = D2EDA3632BD6A365009CB0D7 /* UserRouter.swift */; };
		D2EDA3672BD6A3D9009CB0D7 /* PostModel.swift in Sources */ = {isa = PBXBuildFile; fileRef = D2EDA3662BD6A3D9009CB0D7 /* PostModel.swift */; };
		D2EDA3692BD6A3E1009CB0D7 /* PostRouter.swift in Sources */ = {isa = PBXBuildFile; fileRef = D2EDA3682BD6A3E1009CB0D7 /* PostRouter.swift */; };
/* End PBXBuildFile section */

/* Begin PBXFileReference section */
		D23E77A52BD1290F00A386A0 /* DogRun.app */ = {isa = PBXFileReference; explicitFileType = wrapper.application; includeInIndex = 0; path = DogRun.app; sourceTree = BUILT_PRODUCTS_DIR; };
		D23E77A82BD1290F00A386A0 /* AppDelegate.swift */ = {isa = PBXFileReference; lastKnownFileType = sourcecode.swift; path = AppDelegate.swift; sourceTree = "<group>"; };
		D23E77AA2BD1290F00A386A0 /* SceneDelegate.swift */ = {isa = PBXFileReference; lastKnownFileType = sourcecode.swift; path = SceneDelegate.swift; sourceTree = "<group>"; };
		D23E77AC2BD1290F00A386A0 /* ViewController.swift */ = {isa = PBXFileReference; lastKnownFileType = sourcecode.swift; path = ViewController.swift; sourceTree = "<group>"; };
		D23E77AF2BD1290F00A386A0 /* Base */ = {isa = PBXFileReference; lastKnownFileType = file.storyboard; name = Base; path = Base.lproj/Main.storyboard; sourceTree = "<group>"; };
		D23E77B12BD1291200A386A0 /* Assets.xcassets */ = {isa = PBXFileReference; lastKnownFileType = folder.assetcatalog; path = Assets.xcassets; sourceTree = "<group>"; };
		D23E77B42BD1291200A386A0 /* Base */ = {isa = PBXFileReference; lastKnownFileType = file.storyboard; name = Base; path = Base.lproj/LaunchScreen.storyboard; sourceTree = "<group>"; };
		D23E77B62BD1291200A386A0 /* Info.plist */ = {isa = PBXFileReference; lastKnownFileType = text.plist.xml; path = Info.plist; sourceTree = "<group>"; };
		D23E77BC2BD1294900A386A0 /* .gitignore */ = {isa = PBXFileReference; lastKnownFileType = text; path = .gitignore; sourceTree = "<group>"; };
		D23E77F72BD3CE3E00A386A0 /* TargetType.swift */ = {isa = PBXFileReference; lastKnownFileType = sourcecode.swift; path = TargetType.swift; sourceTree = "<group>"; };
		D23E77F92BD3CE6700A386A0 /* HTTPHeader.swift */ = {isa = PBXFileReference; lastKnownFileType = sourcecode.swift; path = HTTPHeader.swift; sourceTree = "<group>"; };
		D23E77FB2BD3CE8600A386A0 /* APIKey.swift */ = {isa = PBXFileReference; lastKnownFileType = sourcecode.swift; path = APIKey.swift; sourceTree = "<group>"; };
		D23E77FD2BD3CECD00A386A0 /* MultipartEncoder.swift */ = {isa = PBXFileReference; lastKnownFileType = sourcecode.swift; path = MultipartEncoder.swift; sourceTree = "<group>"; };
		D23E77FF2BD3CF3900A386A0 /* TokenRefreshInterceptor.swift */ = {isa = PBXFileReference; lastKnownFileType = sourcecode.swift; path = TokenRefreshInterceptor.swift; sourceTree = "<group>"; };
		D23E78012BD3CF7D00A386A0 /* NetworkManager.swift */ = {isa = PBXFileReference; lastKnownFileType = sourcecode.swift; path = NetworkManager.swift; sourceTree = "<group>"; };
		D23E78042BD3D04F00A386A0 /* AuthModel.swift */ = {isa = PBXFileReference; lastKnownFileType = sourcecode.swift; path = AuthModel.swift; sourceTree = "<group>"; };
		D23E78062BD3D05900A386A0 /* AuthRouter.swift */ = {isa = PBXFileReference; lastKnownFileType = sourcecode.swift; path = AuthRouter.swift; sourceTree = "<group>"; };
		D23E78092BD402A300A386A0 /* UserDefaultsManager.swift */ = {isa = PBXFileReference; lastKnownFileType = sourcecode.swift; path = UserDefaultsManager.swift; sourceTree = "<group>"; };
		D23E780B2BD40EA000A386A0 /* BaseView.swift */ = {isa = PBXFileReference; lastKnownFileType = sourcecode.swift; path = BaseView.swift; sourceTree = "<group>"; };
		D23E780D2BD40EC700A386A0 /* BaseViewController.swift */ = {isa = PBXFileReference; lastKnownFileType = sourcecode.swift; path = BaseViewController.swift; sourceTree = "<group>"; };
		D23E78182BD4C3FA00A386A0 /* ReusableIdentifier.swift */ = {isa = PBXFileReference; lastKnownFileType = sourcecode.swift; path = ReusableIdentifier.swift; sourceTree = "<group>"; };
		D23E781A2BD4C54700A386A0 /* ViewModelType.swift */ = {isa = PBXFileReference; lastKnownFileType = sourcecode.swift; path = ViewModelType.swift; sourceTree = "<group>"; };
		D23E781C2BD4E4E700A386A0 /* DRTextField.swift */ = {isa = PBXFileReference; lastKnownFileType = sourcecode.swift; path = DRTextField.swift; sourceTree = "<group>"; };
		D23E781E2BD53E3F00A386A0 /* DRLabel.swift */ = {isa = PBXFileReference; lastKnownFileType = sourcecode.swift; path = DRLabel.swift; sourceTree = "<group>"; };
		D23E78202BD5400400A386A0 /* DRButton.swift */ = {isa = PBXFileReference; lastKnownFileType = sourcecode.swift; path = DRButton.swift; sourceTree = "<group>"; };
		D23E78252BD5479500A386A0 /* EmailViewController.swift */ = {isa = PBXFileReference; lastKnownFileType = sourcecode.swift; path = EmailViewController.swift; sourceTree = "<group>"; };
		D23E78272BD547AD00A386A0 /* PasswordViewController.swift */ = {isa = PBXFileReference; lastKnownFileType = sourcecode.swift; path = PasswordViewController.swift; sourceTree = "<group>"; };
		D23E78292BD547BB00A386A0 /* NicknameViewController.swift */ = {isa = PBXFileReference; lastKnownFileType = sourcecode.swift; path = NicknameViewController.swift; sourceTree = "<group>"; };
		D23E782C2BD5485E00A386A0 /* EmailView.swift */ = {isa = PBXFileReference; lastKnownFileType = sourcecode.swift; path = EmailView.swift; sourceTree = "<group>"; };
		D23E782E2BD54DB100A386A0 /* EmailViewModel.swift */ = {isa = PBXFileReference; lastKnownFileType = sourcecode.swift; path = EmailViewModel.swift; sourceTree = "<group>"; };
		D23E78312BD54E6C00A386A0 /* PasswordView.swift */ = {isa = PBXFileReference; lastKnownFileType = sourcecode.swift; path = PasswordView.swift; sourceTree = "<group>"; };
		D23E78332BD54E7A00A386A0 /* PasswordViewModel.swift */ = {isa = PBXFileReference; lastKnownFileType = sourcecode.swift; path = PasswordViewModel.swift; sourceTree = "<group>"; };
		D23E78362BD54E9700A386A0 /* NicknameView.swift */ = {isa = PBXFileReference; lastKnownFileType = sourcecode.swift; path = NicknameView.swift; sourceTree = "<group>"; };
		D23E78382BD54EA200A386A0 /* NicknameViewModel.swift */ = {isa = PBXFileReference; lastKnownFileType = sourcecode.swift; path = NicknameViewModel.swift; sourceTree = "<group>"; };
		D25DDFFC2BD6CC5F0045C259 /* SNSPostView.swift */ = {isa = PBXFileReference; lastKnownFileType = sourcecode.swift; path = SNSPostView.swift; sourceTree = "<group>"; };
		D25DDFFE2BD6CC6F0045C259 /* SNSPostViewController.swift */ = {isa = PBXFileReference; lastKnownFileType = sourcecode.swift; path = SNSPostViewController.swift; sourceTree = "<group>"; };
		D25DE0002BD6CC800045C259 /* SNSPostViewModel.swift */ = {isa = PBXFileReference; lastKnownFileType = sourcecode.swift; path = SNSPostViewModel.swift; sourceTree = "<group>"; };
		D25DE0142BD7F4860045C259 /* UserView.swift */ = {isa = PBXFileReference; lastKnownFileType = sourcecode.swift; path = UserView.swift; sourceTree = "<group>"; };
		D25DE01C2BD931F10045C259 /* UserProfileViewController.swift */ = {isa = PBXFileReference; lastKnownFileType = sourcecode.swift; path = UserProfileViewController.swift; sourceTree = "<group>"; };
		D25DE02A2BD93A890045C259 /* SectionModel.swift */ = {isa = PBXFileReference; lastKnownFileType = sourcecode.swift; path = SectionModel.swift; sourceTree = "<group>"; };
		D25DE02C2BD93EFF0045C259 /* UserProfileViewModel.swift */ = {isa = PBXFileReference; lastKnownFileType = sourcecode.swift; path = UserProfileViewModel.swift; sourceTree = "<group>"; };
		D25DE0302BD942440045C259 /* UserProfileHeaderView.swift */ = {isa = PBXFileReference; lastKnownFileType = sourcecode.swift; path = UserProfileHeaderView.swift; sourceTree = "<group>"; };
		D25DE0322BD94CD40045C259 /* UserProfileTableViewCell.swift */ = {isa = PBXFileReference; lastKnownFileType = sourcecode.swift; path = UserProfileTableViewCell.swift; sourceTree = "<group>"; };
		D25DE0372BD982F70045C259 /* UserViewController.swift */ = {isa = PBXFileReference; lastKnownFileType = sourcecode.swift; path = UserViewController.swift; sourceTree = "<group>"; };
		D25DE0392BD9832D0045C259 /* UserTabmanViewController.swift */ = {isa = PBXFileReference; lastKnownFileType = sourcecode.swift; path = UserTabmanViewController.swift; sourceTree = "<group>"; };
		D261900C2BDD6E78009BD5C5 /* ValidationView.swift */ = {isa = PBXFileReference; lastKnownFileType = sourcecode.swift; path = ValidationView.swift; sourceTree = "<group>"; };
		D261900F2BDDFF31009BD5C5 /* BirthdayView.swift */ = {isa = PBXFileReference; lastKnownFileType = sourcecode.swift; path = BirthdayView.swift; sourceTree = "<group>"; };
		D26190112BDDFF45009BD5C5 /* BirthdayViewController.swift */ = {isa = PBXFileReference; lastKnownFileType = sourcecode.swift; path = BirthdayViewController.swift; sourceTree = "<group>"; };
		D26190132BDDFF50009BD5C5 /* BirthdayViewModel.swift */ = {isa = PBXFileReference; lastKnownFileType = sourcecode.swift; path = BirthdayViewModel.swift; sourceTree = "<group>"; };
		D26190152BDE130B009BD5C5 /* DateFormatterManager.swift */ = {isa = PBXFileReference; lastKnownFileType = sourcecode.swift; path = DateFormatterManager.swift; sourceTree = "<group>"; };
		D26190172BDE28D0009BD5C5 /* ModeBaseView.swift */ = {isa = PBXFileReference; lastKnownFileType = sourcecode.swift; path = ModeBaseView.swift; sourceTree = "<group>"; };
		D26190192BDE28DD009BD5C5 /* ModeBaseViewController.swift */ = {isa = PBXFileReference; lastKnownFileType = sourcecode.swift; path = ModeBaseViewController.swift; sourceTree = "<group>"; };
		D261901C2BDE3685009BD5C5 /* PhoneNumberView.swift */ = {isa = PBXFileReference; lastKnownFileType = sourcecode.swift; path = PhoneNumberView.swift; sourceTree = "<group>"; };
		D261901E2BDE3692009BD5C5 /* PhoneNumberViewController.swift */ = {isa = PBXFileReference; lastKnownFileType = sourcecode.swift; path = PhoneNumberViewController.swift; sourceTree = "<group>"; };
		D26190202BDE369E009BD5C5 /* PhoneNumberViewModel.swift */ = {isa = PBXFileReference; lastKnownFileType = sourcecode.swift; path = PhoneNumberViewModel.swift; sourceTree = "<group>"; };
		D26190222BDE3B38009BD5C5 /* String+Ext.swift */ = {isa = PBXFileReference; lastKnownFileType = sourcecode.swift; path = "String+Ext.swift"; sourceTree = "<group>"; };
		D2EA5B902BDB99320055884C /* UserGalleryViewController.swift */ = {isa = PBXFileReference; lastKnownFileType = sourcecode.swift; path = UserGalleryViewController.swift; sourceTree = "<group>"; };
		D2EA5B922BDBFBCF0055884C /* UserFeedViewController.swift */ = {isa = PBXFileReference; lastKnownFileType = sourcecode.swift; path = UserFeedViewController.swift; sourceTree = "<group>"; };
		D2EA5B952BDBFC050055884C /* ImageCollectionViewCell.swift */ = {isa = PBXFileReference; lastKnownFileType = sourcecode.swift; path = ImageCollectionViewCell.swift; sourceTree = "<group>"; };
		D2EA5B972BDC00020055884C /* FeedTableViewCell.swift */ = {isa = PBXFileReference; lastKnownFileType = sourcecode.swift; path = FeedTableViewCell.swift; sourceTree = "<group>"; };
		D2EA5B992BDC2BFA0055884C /* UIView+Ext.swift */ = {isa = PBXFileReference; lastKnownFileType = sourcecode.swift; path = "UIView+Ext.swift"; sourceTree = "<group>"; };
		D2EA5B9B2BDC2D700055884C /* UserChallengeViewController.swift */ = {isa = PBXFileReference; lastKnownFileType = sourcecode.swift; path = UserChallengeViewController.swift; sourceTree = "<group>"; };
		D2EA5B9D2BDC355C0055884C /* UserChallengeTableViewCell.swift */ = {isa = PBXFileReference; lastKnownFileType = sourcecode.swift; path = UserChallengeTableViewCell.swift; sourceTree = "<group>"; };
		D2EA5B9F2BDCE9C80055884C /* MainTabbarController.swift */ = {isa = PBXFileReference; lastKnownFileType = sourcecode.swift; path = MainTabbarController.swift; sourceTree = "<group>"; };
		D2EA5BA22BDCEE8F0055884C /* LaunchScreenView.swift */ = {isa = PBXFileReference; lastKnownFileType = sourcecode.swift; path = LaunchScreenView.swift; sourceTree = "<group>"; };
		D2EA5BA42BDCEEB80055884C /* LaunchScreenViewController.swift */ = {isa = PBXFileReference; lastKnownFileType = sourcecode.swift; path = LaunchScreenViewController.swift; sourceTree = "<group>"; };
		D2EA5BA62BDCEEDA0055884C /* LaunchScreenViewModel.swift */ = {isa = PBXFileReference; lastKnownFileType = sourcecode.swift; path = LaunchScreenViewModel.swift; sourceTree = "<group>"; };
		D2EA5BA82BDCF1810055884C /* UIViewController+Ext.swift */ = {isa = PBXFileReference; lastKnownFileType = sourcecode.swift; path = "UIViewController+Ext.swift"; sourceTree = "<group>"; };
		D2EA5BAB2BDD14E10055884C /* WelcomeView.swift */ = {isa = PBXFileReference; lastKnownFileType = sourcecode.swift; path = WelcomeView.swift; sourceTree = "<group>"; };
		D2EA5BAD2BDD14FF0055884C /* WelcomeViewController.swift */ = {isa = PBXFileReference; lastKnownFileType = sourcecode.swift; path = WelcomeViewController.swift; sourceTree = "<group>"; };
		D2EA5BAF2BDD15260055884C /* WelcomeViewModel.swift */ = {isa = PBXFileReference; lastKnownFileType = sourcecode.swift; path = WelcomeViewModel.swift; sourceTree = "<group>"; };
		D2EA5BB12BDD16280055884C /* DRVariableButton.swift */ = {isa = PBXFileReference; lastKnownFileType = sourcecode.swift; path = DRVariableButton.swift; sourceTree = "<group>"; };
		D2EA5BB42BDD30150055884C /* ValidationModel.swift */ = {isa = PBXFileReference; lastKnownFileType = sourcecode.swift; path = ValidationModel.swift; sourceTree = "<group>"; };
		D2EA5BB62BDD302C0055884C /* ValidationRouter.swift */ = {isa = PBXFileReference; lastKnownFileType = sourcecode.swift; path = ValidationRouter.swift; sourceTree = "<group>"; };
		D2EDA3432BD580F8009CB0D7 /* MapView.swift */ = {isa = PBXFileReference; lastKnownFileType = sourcecode.swift; path = MapView.swift; sourceTree = "<group>"; };
		D2EDA3452BD58104009CB0D7 /* MapViewController.swift */ = {isa = PBXFileReference; lastKnownFileType = sourcecode.swift; path = MapViewController.swift; sourceTree = "<group>"; };
		D2EDA3472BD5810F009CB0D7 /* MapViewModel.swift */ = {isa = PBXFileReference; lastKnownFileType = sourcecode.swift; path = MapViewModel.swift; sourceTree = "<group>"; };
		D2EDA3492BD58D60009CB0D7 /* MapModel.swift */ = {isa = PBXFileReference; lastKnownFileType = sourcecode.swift; path = MapModel.swift; sourceTree = "<group>"; };
		D2EDA35B2BD690B2009CB0D7 /* CardStackView.swift */ = {isa = PBXFileReference; lastKnownFileType = sourcecode.swift; path = CardStackView.swift; sourceTree = "<group>"; };
		D2EDA35E2BD69212009CB0D7 /* CardStackViewWrapper.swift */ = {isa = PBXFileReference; lastKnownFileType = sourcecode.swift; path = CardStackViewWrapper.swift; sourceTree = "<group>"; };
		D2EDA3612BD6A357009CB0D7 /* UserModel.swift */ = {isa = PBXFileReference; lastKnownFileType = sourcecode.swift; path = UserModel.swift; sourceTree = "<group>"; };
		D2EDA3632BD6A365009CB0D7 /* UserRouter.swift */ = {isa = PBXFileReference; lastKnownFileType = sourcecode.swift; path = UserRouter.swift; sourceTree = "<group>"; };
		D2EDA3662BD6A3D9009CB0D7 /* PostModel.swift */ = {isa = PBXFileReference; lastKnownFileType = sourcecode.swift; path = PostModel.swift; sourceTree = "<group>"; };
		D2EDA3682BD6A3E1009CB0D7 /* PostRouter.swift */ = {isa = PBXFileReference; lastKnownFileType = sourcecode.swift; path = PostRouter.swift; sourceTree = "<group>"; };
/* End PBXFileReference section */

/* Begin PBXFrameworksBuildPhase section */
		D23E77A22BD1290F00A386A0 /* Frameworks */ = {
			isa = PBXFrameworksBuildPhase;
			buildActionMask = 2147483647;
			files = (
				D23E77F62BD3CDE100A386A0 /* Kingfisher in Frameworks */,
				D23E78142BD4C2F900A386A0 /* TextFieldEffects in Frameworks */,
				D23E77F32BD3CDD300A386A0 /* Alamofire in Frameworks */,
				D23E77ED2BD3CD2600A386A0 /* SnapKit in Frameworks */,
				D23E77EA2BD3CD1A00A386A0 /* RxSwift in Frameworks */,
				D25DE0362BD980680045C259 /* Tabman in Frameworks */,
				D25DE01A2BD92FA90045C259 /* RxDataSources in Frameworks */,
				D23E78172BD4C32200A386A0 /* IQKeyboardManagerSwift in Frameworks */,
				D25DE0182BD92FA90045C259 /* Differentiator in Frameworks */,
				D23E77E82BD3CD1A00A386A0 /* RxCocoa in Frameworks */,
				D23E78112BD4C2E300A386A0 /* Toast in Frameworks */,
				D23E77F02BD3CDB600A386A0 /* Then in Frameworks */,
			);
			runOnlyForDeploymentPostprocessing = 0;
		};
/* End PBXFrameworksBuildPhase section */

/* Begin PBXGroup section */
		D23E779C2BD1290F00A386A0 = {
			isa = PBXGroup;
			children = (
				D23E77BC2BD1294900A386A0 /* .gitignore */,
				D23E77A72BD1290F00A386A0 /* DogRun */,
				D23E77A62BD1290F00A386A0 /* Products */,
			);
			sourceTree = "<group>";
		};
		D23E77A62BD1290F00A386A0 /* Products */ = {
			isa = PBXGroup;
			children = (
				D23E77A52BD1290F00A386A0 /* DogRun.app */,
			);
			name = Products;
			sourceTree = "<group>";
		};
		D23E77A72BD1290F00A386A0 /* DogRun */ = {
			isa = PBXGroup;
			children = (
				D25DE02E2BD941B80045C259 /* Model */,
				D23E78082BD3D1DB00A386A0 /* Manager */,
				D23E77BE2BD12A5700A386A0 /* Network */,
				D23E77DE2BD3CC3300A386A0 /* View */,
				D23E77DD2BD3CBFC00A386A0 /* Present */,
				D23E77DF2BD3CC4200A386A0 /* Util */,
				D23E77E02BD3CC4C00A386A0 /* Resource */,
				D23E77A82BD1290F00A386A0 /* AppDelegate.swift */,
				D23E77AA2BD1290F00A386A0 /* SceneDelegate.swift */,
				D23E77AC2BD1290F00A386A0 /* ViewController.swift */,
				D23E77AE2BD1290F00A386A0 /* Main.storyboard */,
				D23E77B12BD1291200A386A0 /* Assets.xcassets */,
				D23E77B32BD1291200A386A0 /* LaunchScreen.storyboard */,
				D23E77B62BD1291200A386A0 /* Info.plist */,
			);
			path = DogRun;
			sourceTree = "<group>";
		};
		D23E77BE2BD12A5700A386A0 /* Network */ = {
			isa = PBXGroup;
			children = (
				D2EA5BB32BDD30090055884C /* Validation */,
				D2EDA3652BD6A3CC009CB0D7 /* Post */,
				D2EDA3602BD6A34A009CB0D7 /* User */,
				D23E78032BD3D04200A386A0 /* Auth */,
				D23E77F72BD3CE3E00A386A0 /* TargetType.swift */,
				D23E77F92BD3CE6700A386A0 /* HTTPHeader.swift */,
				D23E77FB2BD3CE8600A386A0 /* APIKey.swift */,
				D23E77FD2BD3CECD00A386A0 /* MultipartEncoder.swift */,
				D23E77FF2BD3CF3900A386A0 /* TokenRefreshInterceptor.swift */,
			);
			path = Network;
			sourceTree = "<group>";
		};
		D23E77DD2BD3CBFC00A386A0 /* Present */ = {
			isa = PBXGroup;
			children = (
				D2EA5BA12BDCEE400055884C /* LaunchScreen */,
				D25DE01B2BD9313D0045C259 /* UserProfile */,
				D25DE0132BD7F4320045C259 /* User */,
				D25DDFF92BD6CB7F0045C259 /* Post */,
				D2EDA3422BD580BA009CB0D7 /* Map */,
				D2EDA3412BD5809E009CB0D7 /* UploadPost */,
				D2EA5BAA2BDD148A0055884C /* Welcome */,
				D2EDA3402BD58089009CB0D7 /* SignIn */,
				D23E78222BD5475100A386A0 /* SignUp */,
			);
			path = Present;
			sourceTree = "<group>";
		};
		D23E77DE2BD3CC3300A386A0 /* View */ = {
			isa = PBXGroup;
			children = (
				D2EA5B942BDBFBF20055884C /* Cell */,
				D2EDA35D2BD691FA009CB0D7 /* CardStackView */,
				D23E781C2BD4E4E700A386A0 /* DRTextField.swift */,
				D23E781E2BD53E3F00A386A0 /* DRLabel.swift */,
				D23E78202BD5400400A386A0 /* DRButton.swift */,
				D2EA5BB12BDD16280055884C /* DRVariableButton.swift */,
				D261900C2BDD6E78009BD5C5 /* ValidationView.swift */,
			);
			path = View;
			sourceTree = "<group>";
		};
		D23E77DF2BD3CC4200A386A0 /* Util */ = {
			isa = PBXGroup;
			children = (
				D23E77E12BD3CC9100A386A0 /* Base */,
				D23E77E22BD3CC9A00A386A0 /* Protocol */,
				D23E77E32BD3CCA100A386A0 /* Extension */,
			);
			path = Util;
			sourceTree = "<group>";
		};
		D23E77E02BD3CC4C00A386A0 /* Resource */ = {
			isa = PBXGroup;
			children = (
			);
			path = Resource;
			sourceTree = "<group>";
		};
		D23E77E12BD3CC9100A386A0 /* Base */ = {
			isa = PBXGroup;
			children = (
				D23E780B2BD40EA000A386A0 /* BaseView.swift */,
				D23E780D2BD40EC700A386A0 /* BaseViewController.swift */,
				D2EA5B9F2BDCE9C80055884C /* MainTabbarController.swift */,
				D26190172BDE28D0009BD5C5 /* ModeBaseView.swift */,
				D26190192BDE28DD009BD5C5 /* ModeBaseViewController.swift */,
			);
			path = Base;
			sourceTree = "<group>";
		};
		D23E77E22BD3CC9A00A386A0 /* Protocol */ = {
			isa = PBXGroup;
			children = (
				D23E78182BD4C3FA00A386A0 /* ReusableIdentifier.swift */,
				D23E781A2BD4C54700A386A0 /* ViewModelType.swift */,
			);
			path = Protocol;
			sourceTree = "<group>";
		};
		D23E77E32BD3CCA100A386A0 /* Extension */ = {
			isa = PBXGroup;
			children = (
				D2EA5B992BDC2BFA0055884C /* UIView+Ext.swift */,
				D2EA5BA82BDCF1810055884C /* UIViewController+Ext.swift */,
				D26190222BDE3B38009BD5C5 /* String+Ext.swift */,
			);
			path = Extension;
			sourceTree = "<group>";
		};
		D23E78032BD3D04200A386A0 /* Auth */ = {
			isa = PBXGroup;
			children = (
				D23E78042BD3D04F00A386A0 /* AuthModel.swift */,
				D23E78062BD3D05900A386A0 /* AuthRouter.swift */,
			);
			path = Auth;
			sourceTree = "<group>";
		};
		D23E78082BD3D1DB00A386A0 /* Manager */ = {
			isa = PBXGroup;
			children = (
				D23E78012BD3CF7D00A386A0 /* NetworkManager.swift */,
				D23E78092BD402A300A386A0 /* UserDefaultsManager.swift */,
				D26190152BDE130B009BD5C5 /* DateFormatterManager.swift */,
			);
			path = Manager;
			sourceTree = "<group>";
		};
		D23E78222BD5475100A386A0 /* SignUp */ = {
			isa = PBXGroup;
			children = (
				D23E782B2BD5485000A386A0 /* Email */,
				D23E78302BD54E5600A386A0 /* Password */,
				D23E78352BD54E8400A386A0 /* Nickname */,
				D261901B2BDE365D009BD5C5 /* PhoneNumber */,
				D261900E2BDDFF14009BD5C5 /* Birthday */,
			);
			path = SignUp;
			sourceTree = "<group>";
		};
		D23E782B2BD5485000A386A0 /* Email */ = {
			isa = PBXGroup;
			children = (
				D23E782C2BD5485E00A386A0 /* EmailView.swift */,
				D23E78252BD5479500A386A0 /* EmailViewController.swift */,
				D23E782E2BD54DB100A386A0 /* EmailViewModel.swift */,
			);
			path = Email;
			sourceTree = "<group>";
		};
		D23E78302BD54E5600A386A0 /* Password */ = {
			isa = PBXGroup;
			children = (
				D23E78312BD54E6C00A386A0 /* PasswordView.swift */,
				D23E78272BD547AD00A386A0 /* PasswordViewController.swift */,
				D23E78332BD54E7A00A386A0 /* PasswordViewModel.swift */,
			);
			path = Password;
			sourceTree = "<group>";
		};
		D23E78352BD54E8400A386A0 /* Nickname */ = {
			isa = PBXGroup;
			children = (
				D23E78362BD54E9700A386A0 /* NicknameView.swift */,
				D23E78292BD547BB00A386A0 /* NicknameViewController.swift */,
				D23E78382BD54EA200A386A0 /* NicknameViewModel.swift */,
			);
			path = Nickname;
			sourceTree = "<group>";
		};
		D25DDFF92BD6CB7F0045C259 /* Post */ = {
			isa = PBXGroup;
			children = (
				D25DDFFB2BD6CBFB0045C259 /* WalkPost */,
				D25DDFFA2BD6CBD40045C259 /* SNSPost */,
			);
			path = Post;
			sourceTree = "<group>";
		};
		D25DDFFA2BD6CBD40045C259 /* SNSPost */ = {
			isa = PBXGroup;
			children = (
				D25DDFFC2BD6CC5F0045C259 /* SNSPostView.swift */,
				D25DDFFE2BD6CC6F0045C259 /* SNSPostViewController.swift */,
				D25DE0002BD6CC800045C259 /* SNSPostViewModel.swift */,
			);
			path = SNSPost;
			sourceTree = "<group>";
		};
		D25DDFFB2BD6CBFB0045C259 /* WalkPost */ = {
			isa = PBXGroup;
			children = (
			);
			path = WalkPost;
			sourceTree = "<group>";
		};
		D25DE0132BD7F4320045C259 /* User */ = {
			isa = PBXGroup;
			children = (
				D2EA5B8F2BDB98F20055884C /* UserFeed */,
				D25DE0142BD7F4860045C259 /* UserView.swift */,
				D25DE0372BD982F70045C259 /* UserViewController.swift */,
				D25DE0392BD9832D0045C259 /* UserTabmanViewController.swift */,
			);
			path = User;
			sourceTree = "<group>";
		};
		D25DE01B2BD9313D0045C259 /* UserProfile */ = {
			isa = PBXGroup;
			children = (
				D25DE02F2BD941D10045C259 /* View */,
				D25DE01C2BD931F10045C259 /* UserProfileViewController.swift */,
				D25DE02C2BD93EFF0045C259 /* UserProfileViewModel.swift */,
			);
			path = UserProfile;
			sourceTree = "<group>";
		};
		D25DE02E2BD941B80045C259 /* Model */ = {
			isa = PBXGroup;
			children = (
				D25DE02A2BD93A890045C259 /* SectionModel.swift */,
			);
			path = Model;
			sourceTree = "<group>";
		};
		D25DE02F2BD941D10045C259 /* View */ = {
			isa = PBXGroup;
			children = (
				D25DE0302BD942440045C259 /* UserProfileHeaderView.swift */,
				D25DE0322BD94CD40045C259 /* UserProfileTableViewCell.swift */,
			);
			path = View;
			sourceTree = "<group>";
		};
		D261900E2BDDFF14009BD5C5 /* Birthday */ = {
			isa = PBXGroup;
			children = (
				D261900F2BDDFF31009BD5C5 /* BirthdayView.swift */,
				D26190112BDDFF45009BD5C5 /* BirthdayViewController.swift */,
				D26190132BDDFF50009BD5C5 /* BirthdayViewModel.swift */,
			);
			path = Birthday;
			sourceTree = "<group>";
		};
		D261901B2BDE365D009BD5C5 /* PhoneNumber */ = {
			isa = PBXGroup;
			children = (
				D261901C2BDE3685009BD5C5 /* PhoneNumberView.swift */,
				D261901E2BDE3692009BD5C5 /* PhoneNumberViewController.swift */,
				D26190202BDE369E009BD5C5 /* PhoneNumberViewModel.swift */,
			);
			path = PhoneNumber;
			sourceTree = "<group>";
		};
		D2EA5B8F2BDB98F20055884C /* UserFeed */ = {
			isa = PBXGroup;
			children = (
				D2EA5B902BDB99320055884C /* UserGalleryViewController.swift */,
				D2EA5B922BDBFBCF0055884C /* UserFeedViewController.swift */,
				D2EA5B9B2BDC2D700055884C /* UserChallengeViewController.swift */,
			);
			path = UserFeed;
			sourceTree = "<group>";
		};
		D2EA5B942BDBFBF20055884C /* Cell */ = {
			isa = PBXGroup;
			children = (
				D2EA5B952BDBFC050055884C /* ImageCollectionViewCell.swift */,
				D2EA5B972BDC00020055884C /* FeedTableViewCell.swift */,
				D2EA5B9D2BDC355C0055884C /* UserChallengeTableViewCell.swift */,
			);
			path = Cell;
			sourceTree = "<group>";
		};
		D2EA5BA12BDCEE400055884C /* LaunchScreen */ = {
			isa = PBXGroup;
			children = (
				D2EA5BA22BDCEE8F0055884C /* LaunchScreenView.swift */,
				D2EA5BA42BDCEEB80055884C /* LaunchScreenViewController.swift */,
				D2EA5BA62BDCEEDA0055884C /* LaunchScreenViewModel.swift */,
			);
			path = LaunchScreen;
			sourceTree = "<group>";
		};
		D2EA5BAA2BDD148A0055884C /* Welcome */ = {
			isa = PBXGroup;
			children = (
				D2EA5BAB2BDD14E10055884C /* WelcomeView.swift */,
				D2EA5BAD2BDD14FF0055884C /* WelcomeViewController.swift */,
				D2EA5BAF2BDD15260055884C /* WelcomeViewModel.swift */,
			);
			path = Welcome;
			sourceTree = "<group>";
		};
		D2EA5BB32BDD30090055884C /* Validation */ = {
			isa = PBXGroup;
			children = (
				D2EA5BB42BDD30150055884C /* ValidationModel.swift */,
				D2EA5BB62BDD302C0055884C /* ValidationRouter.swift */,
			);
			path = Validation;
			sourceTree = "<group>";
		};
		D2EDA3402BD58089009CB0D7 /* SignIn */ = {
			isa = PBXGroup;
			children = (
			);
			path = SignIn;
			sourceTree = "<group>";
		};
		D2EDA3412BD5809E009CB0D7 /* UploadPost */ = {
			isa = PBXGroup;
			children = (
			);
			path = UploadPost;
			sourceTree = "<group>";
		};
		D2EDA3422BD580BA009CB0D7 /* Map */ = {
			isa = PBXGroup;
			children = (
				D2EDA3432BD580F8009CB0D7 /* MapView.swift */,
				D2EDA3452BD58104009CB0D7 /* MapViewController.swift */,
				D2EDA3472BD5810F009CB0D7 /* MapViewModel.swift */,
				D2EDA3492BD58D60009CB0D7 /* MapModel.swift */,
			);
			path = Map;
			sourceTree = "<group>";
		};
		D2EDA35D2BD691FA009CB0D7 /* CardStackView */ = {
			isa = PBXGroup;
			children = (
				D2EDA35B2BD690B2009CB0D7 /* CardStackView.swift */,
				D2EDA35E2BD69212009CB0D7 /* CardStackViewWrapper.swift */,
			);
			path = CardStackView;
			sourceTree = "<group>";
		};
		D2EDA3602BD6A34A009CB0D7 /* User */ = {
			isa = PBXGroup;
			children = (
				D2EDA3612BD6A357009CB0D7 /* UserModel.swift */,
				D2EDA3632BD6A365009CB0D7 /* UserRouter.swift */,
			);
			path = User;
			sourceTree = "<group>";
		};
		D2EDA3652BD6A3CC009CB0D7 /* Post */ = {
			isa = PBXGroup;
			children = (
				D2EDA3662BD6A3D9009CB0D7 /* PostModel.swift */,
				D2EDA3682BD6A3E1009CB0D7 /* PostRouter.swift */,
			);
			path = Post;
			sourceTree = "<group>";
		};
/* End PBXGroup section */

/* Begin PBXNativeTarget section */
		D23E77A42BD1290F00A386A0 /* DogRun */ = {
			isa = PBXNativeTarget;
			buildConfigurationList = D23E77B92BD1291200A386A0 /* Build configuration list for PBXNativeTarget "DogRun" */;
			buildPhases = (
				D23E77A12BD1290F00A386A0 /* Sources */,
				D23E77A22BD1290F00A386A0 /* Frameworks */,
				D23E77A32BD1290F00A386A0 /* Resources */,
			);
			buildRules = (
			);
			dependencies = (
			);
			name = DogRun;
			packageProductDependencies = (
				D23E77E72BD3CD1A00A386A0 /* RxCocoa */,
				D23E77E92BD3CD1A00A386A0 /* RxSwift */,
				D23E77EC2BD3CD2600A386A0 /* SnapKit */,
				D23E77EF2BD3CDB600A386A0 /* Then */,
				D23E77F22BD3CDD300A386A0 /* Alamofire */,
				D23E77F52BD3CDE100A386A0 /* Kingfisher */,
				D23E78102BD4C2E300A386A0 /* Toast */,
				D23E78132BD4C2F900A386A0 /* TextFieldEffects */,
				D23E78162BD4C32200A386A0 /* IQKeyboardManagerSwift */,
				D25DE0172BD92FA90045C259 /* Differentiator */,
				D25DE0192BD92FA90045C259 /* RxDataSources */,
				D25DE0352BD980680045C259 /* Tabman */,
			);
			productName = DogRun;
			productReference = D23E77A52BD1290F00A386A0 /* DogRun.app */;
			productType = "com.apple.product-type.application";
		};
/* End PBXNativeTarget section */

/* Begin PBXProject section */
		D23E779D2BD1290F00A386A0 /* Project object */ = {
			isa = PBXProject;
			attributes = {
				BuildIndependentTargetsInParallel = 1;
				LastSwiftUpdateCheck = 1530;
				LastUpgradeCheck = 1530;
				TargetAttributes = {
					D23E77A42BD1290F00A386A0 = {
						CreatedOnToolsVersion = 15.3;
					};
				};
			};
			buildConfigurationList = D23E77A02BD1290F00A386A0 /* Build configuration list for PBXProject "DogRun" */;
			compatibilityVersion = "Xcode 14.0";
			developmentRegion = en;
			hasScannedForEncodings = 0;
			knownRegions = (
				en,
				Base,
			);
			mainGroup = D23E779C2BD1290F00A386A0;
			packageReferences = (
				D23E77E62BD3CD1A00A386A0 /* XCRemoteSwiftPackageReference "RxSwift" */,
				D23E77EB2BD3CD2600A386A0 /* XCRemoteSwiftPackageReference "SnapKit" */,
				D23E77EE2BD3CDB500A386A0 /* XCRemoteSwiftPackageReference "Then" */,
				D23E77F12BD3CDD300A386A0 /* XCRemoteSwiftPackageReference "Alamofire" */,
				D23E77F42BD3CDE100A386A0 /* XCRemoteSwiftPackageReference "Kingfisher" */,
				D23E780F2BD4C2E300A386A0 /* XCRemoteSwiftPackageReference "Toast-Swift" */,
				D23E78122BD4C2F900A386A0 /* XCRemoteSwiftPackageReference "TextFieldEffects" */,
				D23E78152BD4C32200A386A0 /* XCRemoteSwiftPackageReference "IQKeyboardManager" */,
				D25DE0162BD92FA90045C259 /* XCRemoteSwiftPackageReference "RxDataSources" */,
				D25DE0342BD980680045C259 /* XCRemoteSwiftPackageReference "Tabman" */,
			);
			productRefGroup = D23E77A62BD1290F00A386A0 /* Products */;
			projectDirPath = "";
			projectRoot = "";
			targets = (
				D23E77A42BD1290F00A386A0 /* DogRun */,
			);
		};
/* End PBXProject section */

/* Begin PBXResourcesBuildPhase section */
		D23E77A32BD1290F00A386A0 /* Resources */ = {
			isa = PBXResourcesBuildPhase;
			buildActionMask = 2147483647;
			files = (
				D23E77BD2BD1294900A386A0 /* .gitignore in Resources */,
				D23E77B22BD1291200A386A0 /* Assets.xcassets in Resources */,
				D23E77B52BD1291200A386A0 /* Base in Resources */,
				D23E77B02BD1290F00A386A0 /* Base in Resources */,
			);
			runOnlyForDeploymentPostprocessing = 0;
		};
/* End PBXResourcesBuildPhase section */

/* Begin PBXSourcesBuildPhase section */
		D23E77A12BD1290F00A386A0 /* Sources */ = {
			isa = PBXSourcesBuildPhase;
			buildActionMask = 2147483647;
			files = (
				D2EDA3482BD5810F009CB0D7 /* MapViewModel.swift in Sources */,
				D25DE0382BD982F70045C259 /* UserViewController.swift in Sources */,
				D2EA5B962BDBFC050055884C /* ImageCollectionViewCell.swift in Sources */,
				D2EA5BB22BDD16280055884C /* DRVariableButton.swift in Sources */,
				D26190212BDE369E009BD5C5 /* PhoneNumberViewModel.swift in Sources */,
				D23E78372BD54E9700A386A0 /* NicknameView.swift in Sources */,
				D23E78022BD3CF7D00A386A0 /* NetworkManager.swift in Sources */,
				D2EA5BAC2BDD14E10055884C /* WelcomeView.swift in Sources */,
				D25DDFFD2BD6CC5F0045C259 /* SNSPostView.swift in Sources */,
				D23E780C2BD40EA000A386A0 /* BaseView.swift in Sources */,
				D23E77F82BD3CE3E00A386A0 /* TargetType.swift in Sources */,
				D26190162BDE130B009BD5C5 /* DateFormatterManager.swift in Sources */,
				D2EA5BB02BDD15260055884C /* WelcomeViewModel.swift in Sources */,
				D261901F2BDE3692009BD5C5 /* PhoneNumberViewController.swift in Sources */,
				D23E78342BD54E7A00A386A0 /* PasswordViewModel.swift in Sources */,
				D23E780A2BD402A300A386A0 /* UserDefaultsManager.swift in Sources */,
				D2EDA35F2BD69212009CB0D7 /* CardStackViewWrapper.swift in Sources */,
				D25DE03A2BD9832D0045C259 /* UserTabmanViewController.swift in Sources */,
				D2EDA3622BD6A357009CB0D7 /* UserModel.swift in Sources */,
				D23E78192BD4C3FA00A386A0 /* ReusableIdentifier.swift in Sources */,
				D2EA5B982BDC00020055884C /* FeedTableViewCell.swift in Sources */,
				D2EA5BB52BDD30150055884C /* ValidationModel.swift in Sources */,
				D23E77AD2BD1290F00A386A0 /* ViewController.swift in Sources */,
				D23E782A2BD547BB00A386A0 /* NicknameViewController.swift in Sources */,
				D25DE0152BD7F4860045C259 /* UserView.swift in Sources */,
				D23E781F2BD53E3F00A386A0 /* DRLabel.swift in Sources */,
				D25DE01D2BD931F10045C259 /* UserProfileViewController.swift in Sources */,
				D2EA5BA02BDCE9C80055884C /* MainTabbarController.swift in Sources */,
				D23E78212BD5400400A386A0 /* DRButton.swift in Sources */,
				D25DE02D2BD93EFF0045C259 /* UserProfileViewModel.swift in Sources */,
				D25DDFFF2BD6CC700045C259 /* SNSPostViewController.swift in Sources */,
				D23E782D2BD5485E00A386A0 /* EmailView.swift in Sources */,
				D25DE02B2BD93A890045C259 /* SectionModel.swift in Sources */,
				D26190182BDE28D0009BD5C5 /* ModeBaseView.swift in Sources */,
				D2EA5BAE2BDD14FF0055884C /* WelcomeViewController.swift in Sources */,
				D2EA5BA52BDCEEB80055884C /* LaunchScreenViewController.swift in Sources */,
				D23E780E2BD40EC700A386A0 /* BaseViewController.swift in Sources */,
				D2EDA3462BD58104009CB0D7 /* MapViewController.swift in Sources */,
				D23E77FA2BD3CE6700A386A0 /* HTTPHeader.swift in Sources */,
				D25DE0312BD942440045C259 /* UserProfileHeaderView.swift in Sources */,
				D26190102BDDFF31009BD5C5 /* BirthdayView.swift in Sources */,
				D2EA5BB72BDD302C0055884C /* ValidationRouter.swift in Sources */,
				D26190232BDE3B38009BD5C5 /* String+Ext.swift in Sources */,
				D2EA5BA92BDCF1810055884C /* UIViewController+Ext.swift in Sources */,
				D2EDA3442BD580F8009CB0D7 /* MapView.swift in Sources */,
				D2EA5B912BDB99320055884C /* UserGalleryViewController.swift in Sources */,
				D23E77A92BD1290F00A386A0 /* AppDelegate.swift in Sources */,
				D2EA5B9E2BDC355C0055884C /* UserChallengeTableViewCell.swift in Sources */,
				D261900D2BDD6E78009BD5C5 /* ValidationView.swift in Sources */,
				D2EA5B9A2BDC2BFA0055884C /* UIView+Ext.swift in Sources */,
				D23E781D2BD4E4E700A386A0 /* DRTextField.swift in Sources */,
				D25DE0012BD6CC800045C259 /* SNSPostViewModel.swift in Sources */,
				D2EA5B9C2BDC2D700055884C /* UserChallengeViewController.swift in Sources */,
				D23E77FE2BD3CECD00A386A0 /* MultipartEncoder.swift in Sources */,
				D2EA5BA32BDCEE8F0055884C /* LaunchScreenView.swift in Sources */,
				D23E78322BD54E6C00A386A0 /* PasswordView.swift in Sources */,
				D23E77FC2BD3CE8600A386A0 /* APIKey.swift in Sources */,
				D23E77AB2BD1290F00A386A0 /* SceneDelegate.swift in Sources */,
				D23E781B2BD4C54700A386A0 /* ViewModelType.swift in Sources */,
				D2EDA35C2BD690B2009CB0D7 /* CardStackView.swift in Sources */,
				D26190122BDDFF45009BD5C5 /* BirthdayViewController.swift in Sources */,
				D2EDA34A2BD58D60009CB0D7 /* MapModel.swift in Sources */,
				D23E78072BD3D05900A386A0 /* AuthRouter.swift in Sources */,
				D23E782F2BD54DB100A386A0 /* EmailViewModel.swift in Sources */,
				D23E78282BD547AD00A386A0 /* PasswordViewController.swift in Sources */,
				D2EDA3642BD6A365009CB0D7 /* UserRouter.swift in Sources */,
				D2EA5B932BDBFBCF0055884C /* UserFeedViewController.swift in Sources */,
				D2EDA3692BD6A3E1009CB0D7 /* PostRouter.swift in Sources */,
				D2EA5BA72BDCEEDA0055884C /* LaunchScreenViewModel.swift in Sources */,
				D261901D2BDE3685009BD5C5 /* PhoneNumberView.swift in Sources */,
				D25DE0332BD94CD40045C259 /* UserProfileTableViewCell.swift in Sources */,
				D23E78392BD54EA200A386A0 /* NicknameViewModel.swift in Sources */,
				D23E78002BD3CF3900A386A0 /* TokenRefreshInterceptor.swift in Sources */,
				D23E78262BD5479500A386A0 /* EmailViewController.swift in Sources */,
				D261901A2BDE28DD009BD5C5 /* ModeBaseViewController.swift in Sources */,
				D23E78052BD3D04F00A386A0 /* AuthModel.swift in Sources */,
				D2EDA3672BD6A3D9009CB0D7 /* PostModel.swift in Sources */,
				D26190142BDDFF50009BD5C5 /* BirthdayViewModel.swift in Sources */,
			);
			runOnlyForDeploymentPostprocessing = 0;
		};
/* End PBXSourcesBuildPhase section */

/* Begin PBXVariantGroup section */
		D23E77AE2BD1290F00A386A0 /* Main.storyboard */ = {
			isa = PBXVariantGroup;
			children = (
				D23E77AF2BD1290F00A386A0 /* Base */,
			);
			name = Main.storyboard;
			sourceTree = "<group>";
		};
		D23E77B32BD1291200A386A0 /* LaunchScreen.storyboard */ = {
			isa = PBXVariantGroup;
			children = (
				D23E77B42BD1291200A386A0 /* Base */,
			);
			name = LaunchScreen.storyboard;
			sourceTree = "<group>";
		};
/* End PBXVariantGroup section */

/* Begin XCBuildConfiguration section */
		D23E77B72BD1291200A386A0 /* Debug */ = {
			isa = XCBuildConfiguration;
			buildSettings = {
				ALWAYS_SEARCH_USER_PATHS = NO;
				ASSETCATALOG_COMPILER_GENERATE_SWIFT_ASSET_SYMBOL_EXTENSIONS = YES;
				CLANG_ANALYZER_NONNULL = YES;
				CLANG_ANALYZER_NUMBER_OBJECT_CONVERSION = YES_AGGRESSIVE;
				CLANG_CXX_LANGUAGE_STANDARD = "gnu++20";
				CLANG_ENABLE_MODULES = YES;
				CLANG_ENABLE_OBJC_ARC = YES;
				CLANG_ENABLE_OBJC_WEAK = YES;
				CLANG_WARN_BLOCK_CAPTURE_AUTORELEASING = YES;
				CLANG_WARN_BOOL_CONVERSION = YES;
				CLANG_WARN_COMMA = YES;
				CLANG_WARN_CONSTANT_CONVERSION = YES;
				CLANG_WARN_DEPRECATED_OBJC_IMPLEMENTATIONS = YES;
				CLANG_WARN_DIRECT_OBJC_ISA_USAGE = YES_ERROR;
				CLANG_WARN_DOCUMENTATION_COMMENTS = YES;
				CLANG_WARN_EMPTY_BODY = YES;
				CLANG_WARN_ENUM_CONVERSION = YES;
				CLANG_WARN_INFINITE_RECURSION = YES;
				CLANG_WARN_INT_CONVERSION = YES;
				CLANG_WARN_NON_LITERAL_NULL_CONVERSION = YES;
				CLANG_WARN_OBJC_IMPLICIT_RETAIN_SELF = YES;
				CLANG_WARN_OBJC_LITERAL_CONVERSION = YES;
				CLANG_WARN_OBJC_ROOT_CLASS = YES_ERROR;
				CLANG_WARN_QUOTED_INCLUDE_IN_FRAMEWORK_HEADER = YES;
				CLANG_WARN_RANGE_LOOP_ANALYSIS = YES;
				CLANG_WARN_STRICT_PROTOTYPES = YES;
				CLANG_WARN_SUSPICIOUS_MOVE = YES;
				CLANG_WARN_UNGUARDED_AVAILABILITY = YES_AGGRESSIVE;
				CLANG_WARN_UNREACHABLE_CODE = YES;
				CLANG_WARN__DUPLICATE_METHOD_MATCH = YES;
				COPY_PHASE_STRIP = NO;
				DEBUG_INFORMATION_FORMAT = dwarf;
				ENABLE_STRICT_OBJC_MSGSEND = YES;
				ENABLE_TESTABILITY = YES;
				ENABLE_USER_SCRIPT_SANDBOXING = YES;
				GCC_C_LANGUAGE_STANDARD = gnu17;
				GCC_DYNAMIC_NO_PIC = NO;
				GCC_NO_COMMON_BLOCKS = YES;
				GCC_OPTIMIZATION_LEVEL = 0;
				GCC_PREPROCESSOR_DEFINITIONS = (
					"DEBUG=1",
					"$(inherited)",
				);
				GCC_WARN_64_TO_32_BIT_CONVERSION = YES;
				GCC_WARN_ABOUT_RETURN_TYPE = YES_ERROR;
				GCC_WARN_UNDECLARED_SELECTOR = YES;
				GCC_WARN_UNINITIALIZED_AUTOS = YES_AGGRESSIVE;
				GCC_WARN_UNUSED_FUNCTION = YES;
				GCC_WARN_UNUSED_VARIABLE = YES;
				IPHONEOS_DEPLOYMENT_TARGET = 17.4;
				LOCALIZATION_PREFERS_STRING_CATALOGS = YES;
				MTL_ENABLE_DEBUG_INFO = INCLUDE_SOURCE;
				MTL_FAST_MATH = YES;
				ONLY_ACTIVE_ARCH = YES;
				SDKROOT = iphoneos;
				SWIFT_ACTIVE_COMPILATION_CONDITIONS = "DEBUG $(inherited)";
				SWIFT_OPTIMIZATION_LEVEL = "-Onone";
			};
			name = Debug;
		};
		D23E77B82BD1291200A386A0 /* Release */ = {
			isa = XCBuildConfiguration;
			buildSettings = {
				ALWAYS_SEARCH_USER_PATHS = NO;
				ASSETCATALOG_COMPILER_GENERATE_SWIFT_ASSET_SYMBOL_EXTENSIONS = YES;
				CLANG_ANALYZER_NONNULL = YES;
				CLANG_ANALYZER_NUMBER_OBJECT_CONVERSION = YES_AGGRESSIVE;
				CLANG_CXX_LANGUAGE_STANDARD = "gnu++20";
				CLANG_ENABLE_MODULES = YES;
				CLANG_ENABLE_OBJC_ARC = YES;
				CLANG_ENABLE_OBJC_WEAK = YES;
				CLANG_WARN_BLOCK_CAPTURE_AUTORELEASING = YES;
				CLANG_WARN_BOOL_CONVERSION = YES;
				CLANG_WARN_COMMA = YES;
				CLANG_WARN_CONSTANT_CONVERSION = YES;
				CLANG_WARN_DEPRECATED_OBJC_IMPLEMENTATIONS = YES;
				CLANG_WARN_DIRECT_OBJC_ISA_USAGE = YES_ERROR;
				CLANG_WARN_DOCUMENTATION_COMMENTS = YES;
				CLANG_WARN_EMPTY_BODY = YES;
				CLANG_WARN_ENUM_CONVERSION = YES;
				CLANG_WARN_INFINITE_RECURSION = YES;
				CLANG_WARN_INT_CONVERSION = YES;
				CLANG_WARN_NON_LITERAL_NULL_CONVERSION = YES;
				CLANG_WARN_OBJC_IMPLICIT_RETAIN_SELF = YES;
				CLANG_WARN_OBJC_LITERAL_CONVERSION = YES;
				CLANG_WARN_OBJC_ROOT_CLASS = YES_ERROR;
				CLANG_WARN_QUOTED_INCLUDE_IN_FRAMEWORK_HEADER = YES;
				CLANG_WARN_RANGE_LOOP_ANALYSIS = YES;
				CLANG_WARN_STRICT_PROTOTYPES = YES;
				CLANG_WARN_SUSPICIOUS_MOVE = YES;
				CLANG_WARN_UNGUARDED_AVAILABILITY = YES_AGGRESSIVE;
				CLANG_WARN_UNREACHABLE_CODE = YES;
				CLANG_WARN__DUPLICATE_METHOD_MATCH = YES;
				COPY_PHASE_STRIP = NO;
				DEBUG_INFORMATION_FORMAT = "dwarf-with-dsym";
				ENABLE_NS_ASSERTIONS = NO;
				ENABLE_STRICT_OBJC_MSGSEND = YES;
				ENABLE_USER_SCRIPT_SANDBOXING = YES;
				GCC_C_LANGUAGE_STANDARD = gnu17;
				GCC_NO_COMMON_BLOCKS = YES;
				GCC_WARN_64_TO_32_BIT_CONVERSION = YES;
				GCC_WARN_ABOUT_RETURN_TYPE = YES_ERROR;
				GCC_WARN_UNDECLARED_SELECTOR = YES;
				GCC_WARN_UNINITIALIZED_AUTOS = YES_AGGRESSIVE;
				GCC_WARN_UNUSED_FUNCTION = YES;
				GCC_WARN_UNUSED_VARIABLE = YES;
				IPHONEOS_DEPLOYMENT_TARGET = 17.4;
				LOCALIZATION_PREFERS_STRING_CATALOGS = YES;
				MTL_ENABLE_DEBUG_INFO = NO;
				MTL_FAST_MATH = YES;
				SDKROOT = iphoneos;
				SWIFT_COMPILATION_MODE = wholemodule;
				VALIDATE_PRODUCT = YES;
			};
			name = Release;
		};
		D23E77BA2BD1291200A386A0 /* Debug */ = {
			isa = XCBuildConfiguration;
			buildSettings = {
				ASSETCATALOG_COMPILER_APPICON_NAME = AppIcon;
				ASSETCATALOG_COMPILER_GLOBAL_ACCENT_COLOR_NAME = AccentColor;
				CODE_SIGN_STYLE = Automatic;
				CURRENT_PROJECT_VERSION = 1;
				DEVELOPMENT_TEAM = 7TH7TS2438;
				GENERATE_INFOPLIST_FILE = YES;
				INFOPLIST_FILE = DogRun/Info.plist;
				INFOPLIST_KEY_UIApplicationSupportsIndirectInputEvents = YES;
				INFOPLIST_KEY_UILaunchStoryboardName = LaunchScreen;
				INFOPLIST_KEY_UIMainStoryboardFile = Main;
				INFOPLIST_KEY_UISupportedInterfaceOrientations = UIInterfaceOrientationPortrait;
				INFOPLIST_KEY_UISupportedInterfaceOrientations_iPad = "UIInterfaceOrientationLandscapeLeft UIInterfaceOrientationLandscapeRight UIInterfaceOrientationPortrait UIInterfaceOrientationPortraitUpsideDown";
				IPHONEOS_DEPLOYMENT_TARGET = 16.0;
				LD_RUNPATH_SEARCH_PATHS = (
					"$(inherited)",
					"@executable_path/Frameworks",
				);
				MARKETING_VERSION = 1.0;
				PRODUCT_BUNDLE_IDENTIFIER = com.jaehee.DogRun;
				PRODUCT_NAME = "$(TARGET_NAME)";
				SUPPORTED_PLATFORMS = "iphoneos iphonesimulator";
				SUPPORTS_MACCATALYST = NO;
				SUPPORTS_MAC_DESIGNED_FOR_IPHONE_IPAD = NO;
				SUPPORTS_XR_DESIGNED_FOR_IPHONE_IPAD = NO;
				SWIFT_EMIT_LOC_STRINGS = YES;
				SWIFT_VERSION = 5.0;
				TARGETED_DEVICE_FAMILY = 1;
			};
			name = Debug;
		};
		D23E77BB2BD1291200A386A0 /* Release */ = {
			isa = XCBuildConfiguration;
			buildSettings = {
				ASSETCATALOG_COMPILER_APPICON_NAME = AppIcon;
				ASSETCATALOG_COMPILER_GLOBAL_ACCENT_COLOR_NAME = AccentColor;
				CODE_SIGN_STYLE = Automatic;
				CURRENT_PROJECT_VERSION = 1;
				DEVELOPMENT_TEAM = 7TH7TS2438;
				GENERATE_INFOPLIST_FILE = YES;
				INFOPLIST_FILE = DogRun/Info.plist;
				INFOPLIST_KEY_UIApplicationSupportsIndirectInputEvents = YES;
				INFOPLIST_KEY_UILaunchStoryboardName = LaunchScreen;
				INFOPLIST_KEY_UIMainStoryboardFile = Main;
				INFOPLIST_KEY_UISupportedInterfaceOrientations = UIInterfaceOrientationPortrait;
				INFOPLIST_KEY_UISupportedInterfaceOrientations_iPad = "UIInterfaceOrientationLandscapeLeft UIInterfaceOrientationLandscapeRight UIInterfaceOrientationPortrait UIInterfaceOrientationPortraitUpsideDown";
				IPHONEOS_DEPLOYMENT_TARGET = 16.0;
				LD_RUNPATH_SEARCH_PATHS = (
					"$(inherited)",
					"@executable_path/Frameworks",
				);
				MARKETING_VERSION = 1.0;
				PRODUCT_BUNDLE_IDENTIFIER = com.jaehee.DogRun;
				PRODUCT_NAME = "$(TARGET_NAME)";
				SUPPORTED_PLATFORMS = "iphoneos iphonesimulator";
				SUPPORTS_MACCATALYST = NO;
				SUPPORTS_MAC_DESIGNED_FOR_IPHONE_IPAD = NO;
				SUPPORTS_XR_DESIGNED_FOR_IPHONE_IPAD = NO;
				SWIFT_EMIT_LOC_STRINGS = YES;
				SWIFT_VERSION = 5.0;
				TARGETED_DEVICE_FAMILY = 1;
			};
			name = Release;
		};
/* End XCBuildConfiguration section */

/* Begin XCConfigurationList section */
		D23E77A02BD1290F00A386A0 /* Build configuration list for PBXProject "DogRun" */ = {
			isa = XCConfigurationList;
			buildConfigurations = (
				D23E77B72BD1291200A386A0 /* Debug */,
				D23E77B82BD1291200A386A0 /* Release */,
			);
			defaultConfigurationIsVisible = 0;
			defaultConfigurationName = Release;
		};
		D23E77B92BD1291200A386A0 /* Build configuration list for PBXNativeTarget "DogRun" */ = {
			isa = XCConfigurationList;
			buildConfigurations = (
				D23E77BA2BD1291200A386A0 /* Debug */,
				D23E77BB2BD1291200A386A0 /* Release */,
			);
			defaultConfigurationIsVisible = 0;
			defaultConfigurationName = Release;
		};
/* End XCConfigurationList section */

/* Begin XCRemoteSwiftPackageReference section */
		D23E77E62BD3CD1A00A386A0 /* XCRemoteSwiftPackageReference "RxSwift" */ = {
			isa = XCRemoteSwiftPackageReference;
			repositoryURL = "https://github.com/ReactiveX/RxSwift.git";
			requirement = {
				kind = upToNextMajorVersion;
				minimumVersion = 6.6.0;
			};
		};
		D23E77EB2BD3CD2600A386A0 /* XCRemoteSwiftPackageReference "SnapKit" */ = {
			isa = XCRemoteSwiftPackageReference;
			repositoryURL = "https://github.com/SnapKit/SnapKit";
			requirement = {
				kind = upToNextMajorVersion;
				minimumVersion = 5.7.1;
			};
		};
		D23E77EE2BD3CDB500A386A0 /* XCRemoteSwiftPackageReference "Then" */ = {
			isa = XCRemoteSwiftPackageReference;
			repositoryURL = "https://github.com/devxoul/Then.git";
			requirement = {
				kind = upToNextMajorVersion;
				minimumVersion = 3.0.0;
			};
		};
		D23E77F12BD3CDD300A386A0 /* XCRemoteSwiftPackageReference "Alamofire" */ = {
			isa = XCRemoteSwiftPackageReference;
			repositoryURL = "https://github.com/Alamofire/Alamofire";
			requirement = {
				kind = upToNextMajorVersion;
				minimumVersion = 5.9.1;
			};
		};
		D23E77F42BD3CDE100A386A0 /* XCRemoteSwiftPackageReference "Kingfisher" */ = {
			isa = XCRemoteSwiftPackageReference;
			repositoryURL = "https://github.com/onevcat/Kingfisher";
			requirement = {
				kind = upToNextMajorVersion;
				minimumVersion = 7.11.0;
			};
		};
		D23E780F2BD4C2E300A386A0 /* XCRemoteSwiftPackageReference "Toast-Swift" */ = {
			isa = XCRemoteSwiftPackageReference;
			repositoryURL = "https://github.com/scalessec/Toast-Swift";
			requirement = {
				kind = upToNextMajorVersion;
				minimumVersion = 5.1.1;
			};
		};
		D23E78122BD4C2F900A386A0 /* XCRemoteSwiftPackageReference "TextFieldEffects" */ = {
			isa = XCRemoteSwiftPackageReference;
			repositoryURL = "https://github.com/raulriera/TextFieldEffects";
			requirement = {
				kind = upToNextMajorVersion;
				minimumVersion = 1.7.0;
			};
		};
		D23E78152BD4C32200A386A0 /* XCRemoteSwiftPackageReference "IQKeyboardManager" */ = {
			isa = XCRemoteSwiftPackageReference;
			repositoryURL = "https://github.com/hackiftekhar/IQKeyboardManager";
			requirement = {
				kind = upToNextMajorVersion;
				minimumVersion = 7.0.2;
			};
		};
		D25DE0162BD92FA90045C259 /* XCRemoteSwiftPackageReference "RxDataSources" */ = {
			isa = XCRemoteSwiftPackageReference;
			repositoryURL = "https://github.com/RxSwiftCommunity/RxDataSources.git";
			requirement = {
				kind = upToNextMajorVersion;
				minimumVersion = 5.0.2;
			};
		};
		D25DE0342BD980680045C259 /* XCRemoteSwiftPackageReference "Tabman" */ = {
			isa = XCRemoteSwiftPackageReference;
			repositoryURL = "https://github.com/uias/Tabman.git";
			requirement = {
				kind = upToNextMajorVersion;
				minimumVersion = 3.2.0;
			};
		};
/* End XCRemoteSwiftPackageReference section */

/* Begin XCSwiftPackageProductDependency section */
		D23E77E72BD3CD1A00A386A0 /* RxCocoa */ = {
			isa = XCSwiftPackageProductDependency;
			package = D23E77E62BD3CD1A00A386A0 /* XCRemoteSwiftPackageReference "RxSwift" */;
			productName = RxCocoa;
		};
		D23E77E92BD3CD1A00A386A0 /* RxSwift */ = {
			isa = XCSwiftPackageProductDependency;
			package = D23E77E62BD3CD1A00A386A0 /* XCRemoteSwiftPackageReference "RxSwift" */;
			productName = RxSwift;
		};
		D23E77EC2BD3CD2600A386A0 /* SnapKit */ = {
			isa = XCSwiftPackageProductDependency;
			package = D23E77EB2BD3CD2600A386A0 /* XCRemoteSwiftPackageReference "SnapKit" */;
			productName = SnapKit;
		};
		D23E77EF2BD3CDB600A386A0 /* Then */ = {
			isa = XCSwiftPackageProductDependency;
			package = D23E77EE2BD3CDB500A386A0 /* XCRemoteSwiftPackageReference "Then" */;
			productName = Then;
		};
		D23E77F22BD3CDD300A386A0 /* Alamofire */ = {
			isa = XCSwiftPackageProductDependency;
			package = D23E77F12BD3CDD300A386A0 /* XCRemoteSwiftPackageReference "Alamofire" */;
			productName = Alamofire;
		};
		D23E77F52BD3CDE100A386A0 /* Kingfisher */ = {
			isa = XCSwiftPackageProductDependency;
			package = D23E77F42BD3CDE100A386A0 /* XCRemoteSwiftPackageReference "Kingfisher" */;
			productName = Kingfisher;
		};
		D23E78102BD4C2E300A386A0 /* Toast */ = {
			isa = XCSwiftPackageProductDependency;
			package = D23E780F2BD4C2E300A386A0 /* XCRemoteSwiftPackageReference "Toast-Swift" */;
			productName = Toast;
		};
		D23E78132BD4C2F900A386A0 /* TextFieldEffects */ = {
			isa = XCSwiftPackageProductDependency;
			package = D23E78122BD4C2F900A386A0 /* XCRemoteSwiftPackageReference "TextFieldEffects" */;
			productName = TextFieldEffects;
		};
		D23E78162BD4C32200A386A0 /* IQKeyboardManagerSwift */ = {
			isa = XCSwiftPackageProductDependency;
			package = D23E78152BD4C32200A386A0 /* XCRemoteSwiftPackageReference "IQKeyboardManager" */;
			productName = IQKeyboardManagerSwift;
		};
		D25DE0172BD92FA90045C259 /* Differentiator */ = {
			isa = XCSwiftPackageProductDependency;
			package = D25DE0162BD92FA90045C259 /* XCRemoteSwiftPackageReference "RxDataSources" */;
			productName = Differentiator;
		};
		D25DE0192BD92FA90045C259 /* RxDataSources */ = {
			isa = XCSwiftPackageProductDependency;
			package = D25DE0162BD92FA90045C259 /* XCRemoteSwiftPackageReference "RxDataSources" */;
			productName = RxDataSources;
		};
		D25DE0352BD980680045C259 /* Tabman */ = {
			isa = XCSwiftPackageProductDependency;
			package = D25DE0342BD980680045C259 /* XCRemoteSwiftPackageReference "Tabman" */;
			productName = Tabman;
		};
/* End XCSwiftPackageProductDependency section */
	};
	rootObject = D23E779D2BD1290F00A386A0 /* Project object */;
}
