// !$*UTF8*$!
{
	archiveVersion = 1;
	classes = {
	};
	objectVersion = 56;
	objects = {

/* Begin PBXBuildFile section */
		D23E77A92BD1290F00A386A0 /* AppDelegate.swift in Sources */ = {isa = PBXBuildFile; fileRef = D23E77A82BD1290F00A386A0 /* AppDelegate.swift */; };
		D23E77AB2BD1290F00A386A0 /* SceneDelegate.swift in Sources */ = {isa = PBXBuildFile; fileRef = D23E77AA2BD1290F00A386A0 /* SceneDelegate.swift */; };
		D23E77AD2BD1290F00A386A0 /* ViewController.swift in Sources */ = {isa = PBXBuildFile; fileRef = D23E77AC2BD1290F00A386A0 /* ViewController.swift */; };
		D23E77B02BD1290F00A386A0 /* Base in Resources */ = {isa = PBXBuildFile; fileRef = D23E77AF2BD1290F00A386A0 /* Base */; };
		D23E77B22BD1291200A386A0 /* Assets.xcassets in Resources */ = {isa = PBXBuildFile; fileRef = D23E77B12BD1291200A386A0 /* Assets.xcassets */; };
		D23E77B52BD1291200A386A0 /* Base in Resources */ = {isa = PBXBuildFile; fileRef = D23E77B42BD1291200A386A0 /* Base */; };
		D23E77BD2BD1294900A386A0 /* .gitignore in Resources */ = {isa = PBXBuildFile; fileRef = D23E77BC2BD1294900A386A0 /* .gitignore */; };
		D23E77E82BD3CD1A00A386A0 /* RxCocoa in Frameworks */ = {isa = PBXBuildFile; productRef = D23E77E72BD3CD1A00A386A0 /* RxCocoa */; };
		D23E77EA2BD3CD1A00A386A0 /* RxSwift in Frameworks */ = {isa = PBXBuildFile; productRef = D23E77E92BD3CD1A00A386A0 /* RxSwift */; };
		D23E77ED2BD3CD2600A386A0 /* SnapKit in Frameworks */ = {isa = PBXBuildFile; productRef = D23E77EC2BD3CD2600A386A0 /* SnapKit */; };
		D23E77F02BD3CDB600A386A0 /* Then in Frameworks */ = {isa = PBXBuildFile; productRef = D23E77EF2BD3CDB600A386A0 /* Then */; };
		D23E77F32BD3CDD300A386A0 /* Alamofire in Frameworks */ = {isa = PBXBuildFile; productRef = D23E77F22BD3CDD300A386A0 /* Alamofire */; };
		D23E77F62BD3CDE100A386A0 /* Kingfisher in Frameworks */ = {isa = PBXBuildFile; productRef = D23E77F52BD3CDE100A386A0 /* Kingfisher */; };
		D23E77F82BD3CE3E00A386A0 /* TargetType.swift in Sources */ = {isa = PBXBuildFile; fileRef = D23E77F72BD3CE3E00A386A0 /* TargetType.swift */; };
		D23E77FA2BD3CE6700A386A0 /* HTTPHeader.swift in Sources */ = {isa = PBXBuildFile; fileRef = D23E77F92BD3CE6700A386A0 /* HTTPHeader.swift */; };
		D23E77FC2BD3CE8600A386A0 /* APIKey.swift in Sources */ = {isa = PBXBuildFile; fileRef = D23E77FB2BD3CE8600A386A0 /* APIKey.swift */; };
		D23E77FE2BD3CECD00A386A0 /* MultipartEncoder.swift in Sources */ = {isa = PBXBuildFile; fileRef = D23E77FD2BD3CECD00A386A0 /* MultipartEncoder.swift */; };
		D23E78002BD3CF3900A386A0 /* TokenRefreshInterceptor.swift in Sources */ = {isa = PBXBuildFile; fileRef = D23E77FF2BD3CF3900A386A0 /* TokenRefreshInterceptor.swift */; };
		D23E78022BD3CF7D00A386A0 /* NetworkManager.swift in Sources */ = {isa = PBXBuildFile; fileRef = D23E78012BD3CF7D00A386A0 /* NetworkManager.swift */; };
		D23E78052BD3D04F00A386A0 /* AuthModel.swift in Sources */ = {isa = PBXBuildFile; fileRef = D23E78042BD3D04F00A386A0 /* AuthModel.swift */; };
		D23E78072BD3D05900A386A0 /* AuthRouter.swift in Sources */ = {isa = PBXBuildFile; fileRef = D23E78062BD3D05900A386A0 /* AuthRouter.swift */; };
		D23E780A2BD402A300A386A0 /* UserDefaultsManager.swift in Sources */ = {isa = PBXBuildFile; fileRef = D23E78092BD402A300A386A0 /* UserDefaultsManager.swift */; };
		D23E780C2BD40EA000A386A0 /* BaseView.swift in Sources */ = {isa = PBXBuildFile; fileRef = D23E780B2BD40EA000A386A0 /* BaseView.swift */; };
		D23E780E2BD40EC700A386A0 /* BaseViewController.swift in Sources */ = {isa = PBXBuildFile; fileRef = D23E780D2BD40EC700A386A0 /* BaseViewController.swift */; };
		D23E78112BD4C2E300A386A0 /* Toast in Frameworks */ = {isa = PBXBuildFile; productRef = D23E78102BD4C2E300A386A0 /* Toast */; };
		D23E78142BD4C2F900A386A0 /* TextFieldEffects in Frameworks */ = {isa = PBXBuildFile; productRef = D23E78132BD4C2F900A386A0 /* TextFieldEffects */; };
		D23E78172BD4C32200A386A0 /* IQKeyboardManagerSwift in Frameworks */ = {isa = PBXBuildFile; productRef = D23E78162BD4C32200A386A0 /* IQKeyboardManagerSwift */; };
		D23E78192BD4C3FA00A386A0 /* ReusableIdentifier.swift in Sources */ = {isa = PBXBuildFile; fileRef = D23E78182BD4C3FA00A386A0 /* ReusableIdentifier.swift */; };
		D23E781B2BD4C54700A386A0 /* ViewModelType.swift in Sources */ = {isa = PBXBuildFile; fileRef = D23E781A2BD4C54700A386A0 /* ViewModelType.swift */; };
		D23E781D2BD4E4E700A386A0 /* DRTextField.swift in Sources */ = {isa = PBXBuildFile; fileRef = D23E781C2BD4E4E700A386A0 /* DRTextField.swift */; };
		D23E781F2BD53E3F00A386A0 /* DRLabel.swift in Sources */ = {isa = PBXBuildFile; fileRef = D23E781E2BD53E3F00A386A0 /* DRLabel.swift */; };
		D23E78212BD5400400A386A0 /* DRButton.swift in Sources */ = {isa = PBXBuildFile; fileRef = D23E78202BD5400400A386A0 /* DRButton.swift */; };
/* End PBXBuildFile section */

/* Begin PBXFileReference section */
		D23E77A52BD1290F00A386A0 /* DogRun.app */ = {isa = PBXFileReference; explicitFileType = wrapper.application; includeInIndex = 0; path = DogRun.app; sourceTree = BUILT_PRODUCTS_DIR; };
		D23E77A82BD1290F00A386A0 /* AppDelegate.swift */ = {isa = PBXFileReference; lastKnownFileType = sourcecode.swift; path = AppDelegate.swift; sourceTree = "<group>"; };
		D23E77AA2BD1290F00A386A0 /* SceneDelegate.swift */ = {isa = PBXFileReference; lastKnownFileType = sourcecode.swift; path = SceneDelegate.swift; sourceTree = "<group>"; };
		D23E77AC2BD1290F00A386A0 /* ViewController.swift */ = {isa = PBXFileReference; lastKnownFileType = sourcecode.swift; path = ViewController.swift; sourceTree = "<group>"; };
		D23E77AF2BD1290F00A386A0 /* Base */ = {isa = PBXFileReference; lastKnownFileType = file.storyboard; name = Base; path = Base.lproj/Main.storyboard; sourceTree = "<group>"; };
		D23E77B12BD1291200A386A0 /* Assets.xcassets */ = {isa = PBXFileReference; lastKnownFileType = folder.assetcatalog; path = Assets.xcassets; sourceTree = "<group>"; };
		D23E77B42BD1291200A386A0 /* Base */ = {isa = PBXFileReference; lastKnownFileType = file.storyboard; name = Base; path = Base.lproj/LaunchScreen.storyboard; sourceTree = "<group>"; };
		D23E77B62BD1291200A386A0 /* Info.plist */ = {isa = PBXFileReference; lastKnownFileType = text.plist.xml; path = Info.plist; sourceTree = "<group>"; };
		D23E77BC2BD1294900A386A0 /* .gitignore */ = {isa = PBXFileReference; lastKnownFileType = text; path = .gitignore; sourceTree = "<group>"; };
		D23E77F72BD3CE3E00A386A0 /* TargetType.swift */ = {isa = PBXFileReference; lastKnownFileType = sourcecode.swift; path = TargetType.swift; sourceTree = "<group>"; };
		D23E77F92BD3CE6700A386A0 /* HTTPHeader.swift */ = {isa = PBXFileReference; lastKnownFileType = sourcecode.swift; path = HTTPHeader.swift; sourceTree = "<group>"; };
		D23E77FB2BD3CE8600A386A0 /* APIKey.swift */ = {isa = PBXFileReference; lastKnownFileType = sourcecode.swift; path = APIKey.swift; sourceTree = "<group>"; };
		D23E77FD2BD3CECD00A386A0 /* MultipartEncoder.swift */ = {isa = PBXFileReference; lastKnownFileType = sourcecode.swift; path = MultipartEncoder.swift; sourceTree = "<group>"; };
		D23E77FF2BD3CF3900A386A0 /* TokenRefreshInterceptor.swift */ = {isa = PBXFileReference; lastKnownFileType = sourcecode.swift; path = TokenRefreshInterceptor.swift; sourceTree = "<group>"; };
		D23E78012BD3CF7D00A386A0 /* NetworkManager.swift */ = {isa = PBXFileReference; lastKnownFileType = sourcecode.swift; path = NetworkManager.swift; sourceTree = "<group>"; };
		D23E78042BD3D04F00A386A0 /* AuthModel.swift */ = {isa = PBXFileReference; lastKnownFileType = sourcecode.swift; path = AuthModel.swift; sourceTree = "<group>"; };
		D23E78062BD3D05900A386A0 /* AuthRouter.swift */ = {isa = PBXFileReference; lastKnownFileType = sourcecode.swift; path = AuthRouter.swift; sourceTree = "<group>"; };
		D23E78092BD402A300A386A0 /* UserDefaultsManager.swift */ = {isa = PBXFileReference; lastKnownFileType = sourcecode.swift; path = UserDefaultsManager.swift; sourceTree = "<group>"; };
		D23E780B2BD40EA000A386A0 /* BaseView.swift */ = {isa = PBXFileReference; lastKnownFileType = sourcecode.swift; path = BaseView.swift; sourceTree = "<group>"; };
		D23E780D2BD40EC700A386A0 /* BaseViewController.swift */ = {isa = PBXFileReference; lastKnownFileType = sourcecode.swift; path = BaseViewController.swift; sourceTree = "<group>"; };
		D23E78182BD4C3FA00A386A0 /* ReusableIdentifier.swift */ = {isa = PBXFileReference; lastKnownFileType = sourcecode.swift; path = ReusableIdentifier.swift; sourceTree = "<group>"; };
		D23E781A2BD4C54700A386A0 /* ViewModelType.swift */ = {isa = PBXFileReference; lastKnownFileType = sourcecode.swift; path = ViewModelType.swift; sourceTree = "<group>"; };
		D23E781C2BD4E4E700A386A0 /* DRTextField.swift */ = {isa = PBXFileReference; lastKnownFileType = sourcecode.swift; path = DRTextField.swift; sourceTree = "<group>"; };
		D23E781E2BD53E3F00A386A0 /* DRLabel.swift */ = {isa = PBXFileReference; lastKnownFileType = sourcecode.swift; path = DRLabel.swift; sourceTree = "<group>"; };
		D23E78202BD5400400A386A0 /* DRButton.swift */ = {isa = PBXFileReference; lastKnownFileType = sourcecode.swift; path = DRButton.swift; sourceTree = "<group>"; };
/* End PBXFileReference section */

/* Begin PBXFrameworksBuildPhase section */
		D23E77A22BD1290F00A386A0 /* Frameworks */ = {
			isa = PBXFrameworksBuildPhase;
			buildActionMask = 2147483647;
			files = (
				D23E77F62BD3CDE100A386A0 /* Kingfisher in Frameworks */,
				D23E78142BD4C2F900A386A0 /* TextFieldEffects in Frameworks */,
				D23E77F32BD3CDD300A386A0 /* Alamofire in Frameworks */,
				D23E77ED2BD3CD2600A386A0 /* SnapKit in Frameworks */,
				D23E77EA2BD3CD1A00A386A0 /* RxSwift in Frameworks */,
				D23E78172BD4C32200A386A0 /* IQKeyboardManagerSwift in Frameworks */,
				D23E77E82BD3CD1A00A386A0 /* RxCocoa in Frameworks */,
				D23E78112BD4C2E300A386A0 /* Toast in Frameworks */,
				D23E77F02BD3CDB600A386A0 /* Then in Frameworks */,
			);
			runOnlyForDeploymentPostprocessing = 0;
		};
/* End PBXFrameworksBuildPhase section */

/* Begin PBXGroup section */
		D23E779C2BD1290F00A386A0 = {
			isa = PBXGroup;
			children = (
				D23E77BC2BD1294900A386A0 /* .gitignore */,
				D23E77A72BD1290F00A386A0 /* DogRun */,
				D23E77A62BD1290F00A386A0 /* Products */,
			);
			sourceTree = "<group>";
		};
		D23E77A62BD1290F00A386A0 /* Products */ = {
			isa = PBXGroup;
			children = (
				D23E77A52BD1290F00A386A0 /* DogRun.app */,
			);
			name = Products;
			sourceTree = "<group>";
		};
		D23E77A72BD1290F00A386A0 /* DogRun */ = {
			isa = PBXGroup;
			children = (
				D23E78082BD3D1DB00A386A0 /* Manager */,
				D23E77BE2BD12A5700A386A0 /* Network */,
				D23E77DE2BD3CC3300A386A0 /* View */,
				D23E77DD2BD3CBFC00A386A0 /* Present */,
				D23E77DF2BD3CC4200A386A0 /* Util */,
				D23E77E02BD3CC4C00A386A0 /* Resource */,
				D23E77A82BD1290F00A386A0 /* AppDelegate.swift */,
				D23E77AA2BD1290F00A386A0 /* SceneDelegate.swift */,
				D23E77AC2BD1290F00A386A0 /* ViewController.swift */,
				D23E77AE2BD1290F00A386A0 /* Main.storyboard */,
				D23E77B12BD1291200A386A0 /* Assets.xcassets */,
				D23E77B32BD1291200A386A0 /* LaunchScreen.storyboard */,
				D23E77B62BD1291200A386A0 /* Info.plist */,
			);
			path = DogRun;
			sourceTree = "<group>";
		};
		D23E77BE2BD12A5700A386A0 /* Network */ = {
			isa = PBXGroup;
			children = (
				D23E78032BD3D04200A386A0 /* Auth */,
				D23E77F72BD3CE3E00A386A0 /* TargetType.swift */,
				D23E77F92BD3CE6700A386A0 /* HTTPHeader.swift */,
				D23E77FB2BD3CE8600A386A0 /* APIKey.swift */,
				D23E77FD2BD3CECD00A386A0 /* MultipartEncoder.swift */,
				D23E77FF2BD3CF3900A386A0 /* TokenRefreshInterceptor.swift */,
			);
			path = Network;
			sourceTree = "<group>";
		};
		D23E77DD2BD3CBFC00A386A0 /* Present */ = {
			isa = PBXGroup;
			children = (
			);
			path = Present;
			sourceTree = "<group>";
		};
		D23E77DE2BD3CC3300A386A0 /* View */ = {
			isa = PBXGroup;
			children = (
				D23E781C2BD4E4E700A386A0 /* DRTextField.swift */,
				D23E781E2BD53E3F00A386A0 /* DRLabel.swift */,
				D23E78202BD5400400A386A0 /* DRButton.swift */,
			);
			path = View;
			sourceTree = "<group>";
		};
		D23E77DF2BD3CC4200A386A0 /* Util */ = {
			isa = PBXGroup;
			children = (
				D23E77E12BD3CC9100A386A0 /* Base */,
				D23E77E22BD3CC9A00A386A0 /* Protocol */,
				D23E77E32BD3CCA100A386A0 /* Extension */,
			);
			path = Util;
			sourceTree = "<group>";
		};
		D23E77E02BD3CC4C00A386A0 /* Resource */ = {
			isa = PBXGroup;
			children = (
			);
			path = Resource;
			sourceTree = "<group>";
		};
		D23E77E12BD3CC9100A386A0 /* Base */ = {
			isa = PBXGroup;
			children = (
				D23E780B2BD40EA000A386A0 /* BaseView.swift */,
				D23E780D2BD40EC700A386A0 /* BaseViewController.swift */,
			);
			path = Base;
			sourceTree = "<group>";
		};
		D23E77E22BD3CC9A00A386A0 /* Protocol */ = {
			isa = PBXGroup;
			children = (
				D23E78182BD4C3FA00A386A0 /* ReusableIdentifier.swift */,
				D23E781A2BD4C54700A386A0 /* ViewModelType.swift */,
			);
			path = Protocol;
			sourceTree = "<group>";
		};
		D23E77E32BD3CCA100A386A0 /* Extension */ = {
			isa = PBXGroup;
			children = (
			);
			path = Extension;
			sourceTree = "<group>";
		};
		D23E78032BD3D04200A386A0 /* Auth */ = {
			isa = PBXGroup;
			children = (
				D23E78042BD3D04F00A386A0 /* AuthModel.swift */,
				D23E78062BD3D05900A386A0 /* AuthRouter.swift */,
			);
			path = Auth;
			sourceTree = "<group>";
		};
		D23E78082BD3D1DB00A386A0 /* Manager */ = {
			isa = PBXGroup;
			children = (
				D23E78012BD3CF7D00A386A0 /* NetworkManager.swift */,
				D23E78092BD402A300A386A0 /* UserDefaultsManager.swift */,
			);
			path = Manager;
			sourceTree = "<group>";
		};
/* End PBXGroup section */

/* Begin PBXNativeTarget section */
		D23E77A42BD1290F00A386A0 /* DogRun */ = {
			isa = PBXNativeTarget;
			buildConfigurationList = D23E77B92BD1291200A386A0 /* Build configuration list for PBXNativeTarget "DogRun" */;
			buildPhases = (
				D23E77A12BD1290F00A386A0 /* Sources */,
				D23E77A22BD1290F00A386A0 /* Frameworks */,
				D23E77A32BD1290F00A386A0 /* Resources */,
			);
			buildRules = (
			);
			dependencies = (
			);
			name = DogRun;
			packageProductDependencies = (
				D23E77E72BD3CD1A00A386A0 /* RxCocoa */,
				D23E77E92BD3CD1A00A386A0 /* RxSwift */,
				D23E77EC2BD3CD2600A386A0 /* SnapKit */,
				D23E77EF2BD3CDB600A386A0 /* Then */,
				D23E77F22BD3CDD300A386A0 /* Alamofire */,
				D23E77F52BD3CDE100A386A0 /* Kingfisher */,
				D23E78102BD4C2E300A386A0 /* Toast */,
				D23E78132BD4C2F900A386A0 /* TextFieldEffects */,
				D23E78162BD4C32200A386A0 /* IQKeyboardManagerSwift */,
			);
			productName = DogRun;
			productReference = D23E77A52BD1290F00A386A0 /* DogRun.app */;
			productType = "com.apple.product-type.application";
		};
/* End PBXNativeTarget section */

/* Begin PBXProject section */
		D23E779D2BD1290F00A386A0 /* Project object */ = {
			isa = PBXProject;
			attributes = {
				BuildIndependentTargetsInParallel = 1;
				LastSwiftUpdateCheck = 1530;
				LastUpgradeCheck = 1530;
				TargetAttributes = {
					D23E77A42BD1290F00A386A0 = {
						CreatedOnToolsVersion = 15.3;
					};
				};
			};
			buildConfigurationList = D23E77A02BD1290F00A386A0 /* Build configuration list for PBXProject "DogRun" */;
			compatibilityVersion = "Xcode 14.0";
			developmentRegion = en;
			hasScannedForEncodings = 0;
			knownRegions = (
				en,
				Base,
			);
			mainGroup = D23E779C2BD1290F00A386A0;
			packageReferences = (
				D23E77E62BD3CD1A00A386A0 /* XCRemoteSwiftPackageReference "RxSwift" */,
				D23E77EB2BD3CD2600A386A0 /* XCRemoteSwiftPackageReference "SnapKit" */,
				D23E77EE2BD3CDB500A386A0 /* XCRemoteSwiftPackageReference "Then" */,
				D23E77F12BD3CDD300A386A0 /* XCRemoteSwiftPackageReference "Alamofire" */,
				D23E77F42BD3CDE100A386A0 /* XCRemoteSwiftPackageReference "Kingfisher" */,
				D23E780F2BD4C2E300A386A0 /* XCRemoteSwiftPackageReference "Toast-Swift" */,
				D23E78122BD4C2F900A386A0 /* XCRemoteSwiftPackageReference "TextFieldEffects" */,
				D23E78152BD4C32200A386A0 /* XCRemoteSwiftPackageReference "IQKeyboardManager" */,
			);
			productRefGroup = D23E77A62BD1290F00A386A0 /* Products */;
			projectDirPath = "";
			projectRoot = "";
			targets = (
				D23E77A42BD1290F00A386A0 /* DogRun */,
			);
		};
/* End PBXProject section */

/* Begin PBXResourcesBuildPhase section */
		D23E77A32BD1290F00A386A0 /* Resources */ = {
			isa = PBXResourcesBuildPhase;
			buildActionMask = 2147483647;
			files = (
				D23E77BD2BD1294900A386A0 /* .gitignore in Resources */,
				D23E77B22BD1291200A386A0 /* Assets.xcassets in Resources */,
				D23E77B52BD1291200A386A0 /* Base in Resources */,
				D23E77B02BD1290F00A386A0 /* Base in Resources */,
			);
			runOnlyForDeploymentPostprocessing = 0;
		};
/* End PBXResourcesBuildPhase section */

/* Begin PBXSourcesBuildPhase section */
		D23E77A12BD1290F00A386A0 /* Sources */ = {
			isa = PBXSourcesBuildPhase;
			buildActionMask = 2147483647;
			files = (
				D23E78022BD3CF7D00A386A0 /* NetworkManager.swift in Sources */,
				D23E780C2BD40EA000A386A0 /* BaseView.swift in Sources */,
				D23E77F82BD3CE3E00A386A0 /* TargetType.swift in Sources */,
				D23E780A2BD402A300A386A0 /* UserDefaultsManager.swift in Sources */,
				D23E78192BD4C3FA00A386A0 /* ReusableIdentifier.swift in Sources */,
				D23E77AD2BD1290F00A386A0 /* ViewController.swift in Sources */,
				D23E781F2BD53E3F00A386A0 /* DRLabel.swift in Sources */,
				D23E78212BD5400400A386A0 /* DRButton.swift in Sources */,
				D23E780E2BD40EC700A386A0 /* BaseViewController.swift in Sources */,
				D23E77FA2BD3CE6700A386A0 /* HTTPHeader.swift in Sources */,
				D23E77A92BD1290F00A386A0 /* AppDelegate.swift in Sources */,
				D23E781D2BD4E4E700A386A0 /* DRTextField.swift in Sources */,
				D23E77FE2BD3CECD00A386A0 /* MultipartEncoder.swift in Sources */,
				D23E77FC2BD3CE8600A386A0 /* APIKey.swift in Sources */,
				D23E77AB2BD1290F00A386A0 /* SceneDelegate.swift in Sources */,
				D23E781B2BD4C54700A386A0 /* ViewModelType.swift in Sources */,
				D23E78072BD3D05900A386A0 /* AuthRouter.swift in Sources */,
				D23E78002BD3CF3900A386A0 /* TokenRefreshInterceptor.swift in Sources */,
				D23E78052BD3D04F00A386A0 /* AuthModel.swift in Sources */,
			);
			runOnlyForDeploymentPostprocessing = 0;
		};
/* End PBXSourcesBuildPhase section */

/* Begin PBXVariantGroup section */
		D23E77AE2BD1290F00A386A0 /* Main.storyboard */ = {
			isa = PBXVariantGroup;
			children = (
				D23E77AF2BD1290F00A386A0 /* Base */,
			);
			name = Main.storyboard;
			sourceTree = "<group>";
		};
		D23E77B32BD1291200A386A0 /* LaunchScreen.storyboard */ = {
			isa = PBXVariantGroup;
			children = (
				D23E77B42BD1291200A386A0 /* Base */,
			);
			name = LaunchScreen.storyboard;
			sourceTree = "<group>";
		};
/* End PBXVariantGroup section */

/* Begin XCBuildConfiguration section */
		D23E77B72BD1291200A386A0 /* Debug */ = {
			isa = XCBuildConfiguration;
			buildSettings = {
				ALWAYS_SEARCH_USER_PATHS = NO;
				ASSETCATALOG_COMPILER_GENERATE_SWIFT_ASSET_SYMBOL_EXTENSIONS = YES;
				CLANG_ANALYZER_NONNULL = YES;
				CLANG_ANALYZER_NUMBER_OBJECT_CONVERSION = YES_AGGRESSIVE;
				CLANG_CXX_LANGUAGE_STANDARD = "gnu++20";
				CLANG_ENABLE_MODULES = YES;
				CLANG_ENABLE_OBJC_ARC = YES;
				CLANG_ENABLE_OBJC_WEAK = YES;
				CLANG_WARN_BLOCK_CAPTURE_AUTORELEASING = YES;
				CLANG_WARN_BOOL_CONVERSION = YES;
				CLANG_WARN_COMMA = YES;
				CLANG_WARN_CONSTANT_CONVERSION = YES;
				CLANG_WARN_DEPRECATED_OBJC_IMPLEMENTATIONS = YES;
				CLANG_WARN_DIRECT_OBJC_ISA_USAGE = YES_ERROR;
				CLANG_WARN_DOCUMENTATION_COMMENTS = YES;
				CLANG_WARN_EMPTY_BODY = YES;
				CLANG_WARN_ENUM_CONVERSION = YES;
				CLANG_WARN_INFINITE_RECURSION = YES;
				CLANG_WARN_INT_CONVERSION = YES;
				CLANG_WARN_NON_LITERAL_NULL_CONVERSION = YES;
				CLANG_WARN_OBJC_IMPLICIT_RETAIN_SELF = YES;
				CLANG_WARN_OBJC_LITERAL_CONVERSION = YES;
				CLANG_WARN_OBJC_ROOT_CLASS = YES_ERROR;
				CLANG_WARN_QUOTED_INCLUDE_IN_FRAMEWORK_HEADER = YES;
				CLANG_WARN_RANGE_LOOP_ANALYSIS = YES;
				CLANG_WARN_STRICT_PROTOTYPES = YES;
				CLANG_WARN_SUSPICIOUS_MOVE = YES;
				CLANG_WARN_UNGUARDED_AVAILABILITY = YES_AGGRESSIVE;
				CLANG_WARN_UNREACHABLE_CODE = YES;
				CLANG_WARN__DUPLICATE_METHOD_MATCH = YES;
				COPY_PHASE_STRIP = NO;
				DEBUG_INFORMATION_FORMAT = dwarf;
				ENABLE_STRICT_OBJC_MSGSEND = YES;
				ENABLE_TESTABILITY = YES;
				ENABLE_USER_SCRIPT_SANDBOXING = YES;
				GCC_C_LANGUAGE_STANDARD = gnu17;
				GCC_DYNAMIC_NO_PIC = NO;
				GCC_NO_COMMON_BLOCKS = YES;
				GCC_OPTIMIZATION_LEVEL = 0;
				GCC_PREPROCESSOR_DEFINITIONS = (
					"DEBUG=1",
					"$(inherited)",
				);
				GCC_WARN_64_TO_32_BIT_CONVERSION = YES;
				GCC_WARN_ABOUT_RETURN_TYPE = YES_ERROR;
				GCC_WARN_UNDECLARED_SELECTOR = YES;
				GCC_WARN_UNINITIALIZED_AUTOS = YES_AGGRESSIVE;
				GCC_WARN_UNUSED_FUNCTION = YES;
				GCC_WARN_UNUSED_VARIABLE = YES;
				IPHONEOS_DEPLOYMENT_TARGET = 17.4;
				LOCALIZATION_PREFERS_STRING_CATALOGS = YES;
				MTL_ENABLE_DEBUG_INFO = INCLUDE_SOURCE;
				MTL_FAST_MATH = YES;
				ONLY_ACTIVE_ARCH = YES;
				SDKROOT = iphoneos;
				SWIFT_ACTIVE_COMPILATION_CONDITIONS = "DEBUG $(inherited)";
				SWIFT_OPTIMIZATION_LEVEL = "-Onone";
			};
			name = Debug;
		};
		D23E77B82BD1291200A386A0 /* Release */ = {
			isa = XCBuildConfiguration;
			buildSettings = {
				ALWAYS_SEARCH_USER_PATHS = NO;
				ASSETCATALOG_COMPILER_GENERATE_SWIFT_ASSET_SYMBOL_EXTENSIONS = YES;
				CLANG_ANALYZER_NONNULL = YES;
				CLANG_ANALYZER_NUMBER_OBJECT_CONVERSION = YES_AGGRESSIVE;
				CLANG_CXX_LANGUAGE_STANDARD = "gnu++20";
				CLANG_ENABLE_MODULES = YES;
				CLANG_ENABLE_OBJC_ARC = YES;
				CLANG_ENABLE_OBJC_WEAK = YES;
				CLANG_WARN_BLOCK_CAPTURE_AUTORELEASING = YES;
				CLANG_WARN_BOOL_CONVERSION = YES;
				CLANG_WARN_COMMA = YES;
				CLANG_WARN_CONSTANT_CONVERSION = YES;
				CLANG_WARN_DEPRECATED_OBJC_IMPLEMENTATIONS = YES;
				CLANG_WARN_DIRECT_OBJC_ISA_USAGE = YES_ERROR;
				CLANG_WARN_DOCUMENTATION_COMMENTS = YES;
				CLANG_WARN_EMPTY_BODY = YES;
				CLANG_WARN_ENUM_CONVERSION = YES;
				CLANG_WARN_INFINITE_RECURSION = YES;
				CLANG_WARN_INT_CONVERSION = YES;
				CLANG_WARN_NON_LITERAL_NULL_CONVERSION = YES;
				CLANG_WARN_OBJC_IMPLICIT_RETAIN_SELF = YES;
				CLANG_WARN_OBJC_LITERAL_CONVERSION = YES;
				CLANG_WARN_OBJC_ROOT_CLASS = YES_ERROR;
				CLANG_WARN_QUOTED_INCLUDE_IN_FRAMEWORK_HEADER = YES;
				CLANG_WARN_RANGE_LOOP_ANALYSIS = YES;
				CLANG_WARN_STRICT_PROTOTYPES = YES;
				CLANG_WARN_SUSPICIOUS_MOVE = YES;
				CLANG_WARN_UNGUARDED_AVAILABILITY = YES_AGGRESSIVE;
				CLANG_WARN_UNREACHABLE_CODE = YES;
				CLANG_WARN__DUPLICATE_METHOD_MATCH = YES;
				COPY_PHASE_STRIP = NO;
				DEBUG_INFORMATION_FORMAT = "dwarf-with-dsym";
				ENABLE_NS_ASSERTIONS = NO;
				ENABLE_STRICT_OBJC_MSGSEND = YES;
				ENABLE_USER_SCRIPT_SANDBOXING = YES;
				GCC_C_LANGUAGE_STANDARD = gnu17;
				GCC_NO_COMMON_BLOCKS = YES;
				GCC_WARN_64_TO_32_BIT_CONVERSION = YES;
				GCC_WARN_ABOUT_RETURN_TYPE = YES_ERROR;
				GCC_WARN_UNDECLARED_SELECTOR = YES;
				GCC_WARN_UNINITIALIZED_AUTOS = YES_AGGRESSIVE;
				GCC_WARN_UNUSED_FUNCTION = YES;
				GCC_WARN_UNUSED_VARIABLE = YES;
				IPHONEOS_DEPLOYMENT_TARGET = 17.4;
				LOCALIZATION_PREFERS_STRING_CATALOGS = YES;
				MTL_ENABLE_DEBUG_INFO = NO;
				MTL_FAST_MATH = YES;
				SDKROOT = iphoneos;
				SWIFT_COMPILATION_MODE = wholemodule;
				VALIDATE_PRODUCT = YES;
			};
			name = Release;
		};
		D23E77BA2BD1291200A386A0 /* Debug */ = {
			isa = XCBuildConfiguration;
			buildSettings = {
				ASSETCATALOG_COMPILER_APPICON_NAME = AppIcon;
				ASSETCATALOG_COMPILER_GLOBAL_ACCENT_COLOR_NAME = AccentColor;
				CODE_SIGN_STYLE = Automatic;
				CURRENT_PROJECT_VERSION = 1;
				DEVELOPMENT_TEAM = 7TH7TS2438;
				GENERATE_INFOPLIST_FILE = YES;
				INFOPLIST_FILE = DogRun/Info.plist;
				INFOPLIST_KEY_UIApplicationSupportsIndirectInputEvents = YES;
				INFOPLIST_KEY_UILaunchStoryboardName = LaunchScreen;
				INFOPLIST_KEY_UIMainStoryboardFile = Main;
				INFOPLIST_KEY_UISupportedInterfaceOrientations = UIInterfaceOrientationPortrait;
				INFOPLIST_KEY_UISupportedInterfaceOrientations_iPad = "UIInterfaceOrientationLandscapeLeft UIInterfaceOrientationLandscapeRight UIInterfaceOrientationPortrait UIInterfaceOrientationPortraitUpsideDown";
				IPHONEOS_DEPLOYMENT_TARGET = 16.0;
				LD_RUNPATH_SEARCH_PATHS = (
					"$(inherited)",
					"@executable_path/Frameworks",
				);
				MARKETING_VERSION = 1.0;
				PRODUCT_BUNDLE_IDENTIFIER = com.jaehee.DogRun;
				PRODUCT_NAME = "$(TARGET_NAME)";
				SUPPORTED_PLATFORMS = "iphoneos iphonesimulator";
				SUPPORTS_MACCATALYST = NO;
				SUPPORTS_MAC_DESIGNED_FOR_IPHONE_IPAD = NO;
				SUPPORTS_XR_DESIGNED_FOR_IPHONE_IPAD = NO;
				SWIFT_EMIT_LOC_STRINGS = YES;
				SWIFT_VERSION = 5.0;
				TARGETED_DEVICE_FAMILY = 1;
			};
			name = Debug;
		};
		D23E77BB2BD1291200A386A0 /* Release */ = {
			isa = XCBuildConfiguration;
			buildSettings = {
				ASSETCATALOG_COMPILER_APPICON_NAME = AppIcon;
				ASSETCATALOG_COMPILER_GLOBAL_ACCENT_COLOR_NAME = AccentColor;
				CODE_SIGN_STYLE = Automatic;
				CURRENT_PROJECT_VERSION = 1;
				DEVELOPMENT_TEAM = 7TH7TS2438;
				GENERATE_INFOPLIST_FILE = YES;
				INFOPLIST_FILE = DogRun/Info.plist;
				INFOPLIST_KEY_UIApplicationSupportsIndirectInputEvents = YES;
				INFOPLIST_KEY_UILaunchStoryboardName = LaunchScreen;
				INFOPLIST_KEY_UIMainStoryboardFile = Main;
				INFOPLIST_KEY_UISupportedInterfaceOrientations = UIInterfaceOrientationPortrait;
				INFOPLIST_KEY_UISupportedInterfaceOrientations_iPad = "UIInterfaceOrientationLandscapeLeft UIInterfaceOrientationLandscapeRight UIInterfaceOrientationPortrait UIInterfaceOrientationPortraitUpsideDown";
				IPHONEOS_DEPLOYMENT_TARGET = 16.0;
				LD_RUNPATH_SEARCH_PATHS = (
					"$(inherited)",
					"@executable_path/Frameworks",
				);
				MARKETING_VERSION = 1.0;
				PRODUCT_BUNDLE_IDENTIFIER = com.jaehee.DogRun;
				PRODUCT_NAME = "$(TARGET_NAME)";
				SUPPORTED_PLATFORMS = "iphoneos iphonesimulator";
				SUPPORTS_MACCATALYST = NO;
				SUPPORTS_MAC_DESIGNED_FOR_IPHONE_IPAD = NO;
				SUPPORTS_XR_DESIGNED_FOR_IPHONE_IPAD = NO;
				SWIFT_EMIT_LOC_STRINGS = YES;
				SWIFT_VERSION = 5.0;
				TARGETED_DEVICE_FAMILY = 1;
			};
			name = Release;
		};
/* End XCBuildConfiguration section */

/* Begin XCConfigurationList section */
		D23E77A02BD1290F00A386A0 /* Build configuration list for PBXProject "DogRun" */ = {
			isa = XCConfigurationList;
			buildConfigurations = (
				D23E77B72BD1291200A386A0 /* Debug */,
				D23E77B82BD1291200A386A0 /* Release */,
			);
			defaultConfigurationIsVisible = 0;
			defaultConfigurationName = Release;
		};
		D23E77B92BD1291200A386A0 /* Build configuration list for PBXNativeTarget "DogRun" */ = {
			isa = XCConfigurationList;
			buildConfigurations = (
				D23E77BA2BD1291200A386A0 /* Debug */,
				D23E77BB2BD1291200A386A0 /* Release */,
			);
			defaultConfigurationIsVisible = 0;
			defaultConfigurationName = Release;
		};
/* End XCConfigurationList section */

/* Begin XCRemoteSwiftPackageReference section */
		D23E77E62BD3CD1A00A386A0 /* XCRemoteSwiftPackageReference "RxSwift" */ = {
			isa = XCRemoteSwiftPackageReference;
			repositoryURL = "https://github.com/ReactiveX/RxSwift.git";
			requirement = {
				kind = upToNextMajorVersion;
				minimumVersion = 6.6.0;
			};
		};
		D23E77EB2BD3CD2600A386A0 /* XCRemoteSwiftPackageReference "SnapKit" */ = {
			isa = XCRemoteSwiftPackageReference;
			repositoryURL = "https://github.com/SnapKit/SnapKit";
			requirement = {
				kind = upToNextMajorVersion;
				minimumVersion = 5.7.1;
			};
		};
		D23E77EE2BD3CDB500A386A0 /* XCRemoteSwiftPackageReference "Then" */ = {
			isa = XCRemoteSwiftPackageReference;
			repositoryURL = "https://github.com/devxoul/Then.git";
			requirement = {
				kind = upToNextMajorVersion;
				minimumVersion = 3.0.0;
			};
		};
		D23E77F12BD3CDD300A386A0 /* XCRemoteSwiftPackageReference "Alamofire" */ = {
			isa = XCRemoteSwiftPackageReference;
			repositoryURL = "https://github.com/Alamofire/Alamofire";
			requirement = {
				kind = upToNextMajorVersion;
				minimumVersion = 5.9.1;
			};
		};
		D23E77F42BD3CDE100A386A0 /* XCRemoteSwiftPackageReference "Kingfisher" */ = {
			isa = XCRemoteSwiftPackageReference;
			repositoryURL = "https://github.com/onevcat/Kingfisher";
			requirement = {
				kind = upToNextMajorVersion;
				minimumVersion = 7.11.0;
			};
		};
		D23E780F2BD4C2E300A386A0 /* XCRemoteSwiftPackageReference "Toast-Swift" */ = {
			isa = XCRemoteSwiftPackageReference;
			repositoryURL = "https://github.com/scalessec/Toast-Swift";
			requirement = {
				kind = upToNextMajorVersion;
				minimumVersion = 5.1.1;
			};
		};
		D23E78122BD4C2F900A386A0 /* XCRemoteSwiftPackageReference "TextFieldEffects" */ = {
			isa = XCRemoteSwiftPackageReference;
			repositoryURL = "https://github.com/raulriera/TextFieldEffects";
			requirement = {
				kind = upToNextMajorVersion;
				minimumVersion = 1.7.0;
			};
		};
		D23E78152BD4C32200A386A0 /* XCRemoteSwiftPackageReference "IQKeyboardManager" */ = {
			isa = XCRemoteSwiftPackageReference;
			repositoryURL = "https://github.com/hackiftekhar/IQKeyboardManager";
			requirement = {
				kind = upToNextMajorVersion;
				minimumVersion = 7.0.2;
			};
		};
/* End XCRemoteSwiftPackageReference section */

/* Begin XCSwiftPackageProductDependency section */
		D23E77E72BD3CD1A00A386A0 /* RxCocoa */ = {
			isa = XCSwiftPackageProductDependency;
			package = D23E77E62BD3CD1A00A386A0 /* XCRemoteSwiftPackageReference "RxSwift" */;
			productName = RxCocoa;
		};
		D23E77E92BD3CD1A00A386A0 /* RxSwift */ = {
			isa = XCSwiftPackageProductDependency;
			package = D23E77E62BD3CD1A00A386A0 /* XCRemoteSwiftPackageReference "RxSwift" */;
			productName = RxSwift;
		};
		D23E77EC2BD3CD2600A386A0 /* SnapKit */ = {
			isa = XCSwiftPackageProductDependency;
			package = D23E77EB2BD3CD2600A386A0 /* XCRemoteSwiftPackageReference "SnapKit" */;
			productName = SnapKit;
		};
		D23E77EF2BD3CDB600A386A0 /* Then */ = {
			isa = XCSwiftPackageProductDependency;
			package = D23E77EE2BD3CDB500A386A0 /* XCRemoteSwiftPackageReference "Then" */;
			productName = Then;
		};
		D23E77F22BD3CDD300A386A0 /* Alamofire */ = {
			isa = XCSwiftPackageProductDependency;
			package = D23E77F12BD3CDD300A386A0 /* XCRemoteSwiftPackageReference "Alamofire" */;
			productName = Alamofire;
		};
		D23E77F52BD3CDE100A386A0 /* Kingfisher */ = {
			isa = XCSwiftPackageProductDependency;
			package = D23E77F42BD3CDE100A386A0 /* XCRemoteSwiftPackageReference "Kingfisher" */;
			productName = Kingfisher;
		};
		D23E78102BD4C2E300A386A0 /* Toast */ = {
			isa = XCSwiftPackageProductDependency;
			package = D23E780F2BD4C2E300A386A0 /* XCRemoteSwiftPackageReference "Toast-Swift" */;
			productName = Toast;
		};
		D23E78132BD4C2F900A386A0 /* TextFieldEffects */ = {
			isa = XCSwiftPackageProductDependency;
			package = D23E78122BD4C2F900A386A0 /* XCRemoteSwiftPackageReference "TextFieldEffects" */;
			productName = TextFieldEffects;
		};
		D23E78162BD4C32200A386A0 /* IQKeyboardManagerSwift */ = {
			isa = XCSwiftPackageProductDependency;
			package = D23E78152BD4C32200A386A0 /* XCRemoteSwiftPackageReference "IQKeyboardManager" */;
			productName = IQKeyboardManagerSwift;
		};
/* End XCSwiftPackageProductDependency section */
	};
	rootObject = D23E779D2BD1290F00A386A0 /* Project object */;
}
